# Generated by conda-lock.
# platform: osx-64
# env_hash: 0fac2f51848f7d03b48b39a3c97ffa8feedcc5b224f4f30ee8d210cee10afae7
@EXPLICIT
https://conda.anaconda.org/anaconda/osx-64/fftw-3.3.8-h1de35cc_3.tar.bz2#9a43dc56d64dd4cc836cfe6b3d56c59d
https://conda.anaconda.org/anaconda/osx-64/bzip2-1.0.8-h1de35cc_0.tar.bz2#ab3b4e83407001e7f1603ca1fa0f4873
https://conda.anaconda.org/anaconda/osx-64/ca-certificates-2020.10.14-0.tar.bz2#a894a257ca27119745c5737cb95fc39e
https://conda.anaconda.org/conda-forge/osx-64/jpeg-9d-hbcb3906_0.tar.bz2#ff6fba028f282f94ceb10597d58a56e8
https://conda.anaconda.org/anaconda/osx-64/libcxx-10.0.0-1.tar.bz2#1f4dca699e132460ff69e724d5fdf2a0
https://conda.anaconda.org/anaconda/osx-64/libgfortran-3.0.1-h93005f0_2.tar.bz2#e3a6e2b1a232418bbac9c47866273bdd
https://conda.anaconda.org/anaconda/osx-64/libiconv-1.16-h1de35cc_0.tar.bz2#958cd626d57ef8782b14e5e64c0cc6e1
https://conda.anaconda.org/anaconda/osx-64/libsodium-1.0.18-h1de35cc_0.tar.bz2#b622efec408361995816c7ded7b5625a
https://conda.anaconda.org/anaconda/osx-64/mpi-1.0-mpich.tar.bz2#6c15eddc98b2433018cfdcdca929c2a5
https://conda.anaconda.org/conda-forge/osx-64/mumps-include-5.2.1-3.tar.bz2#882b48af6a021b795f4a95442d57ecfe
https://conda.anaconda.org/anaconda/osx-64/pandoc-2.11-h0dc7051_0.tar.bz2#3b9e0a23582c5a772819fd4595e2d556
https://conda.anaconda.org/anaconda/osx-64/xz-5.2.5-h1de35cc_0.tar.bz2#9ae05a921d148dc61b64b2685145cf82
https://conda.anaconda.org/anaconda/osx-64/yaml-0.2.5-haf1e3a3_0.tar.bz2#cbfabc8518e50cc4726b86d1d8b6400a
https://conda.anaconda.org/anaconda/osx-64/zlib-1.2.11-h1de35cc_3.tar.bz2#6fddebfbe8354dd5fdb5ac8d56dec5bf
https://conda.anaconda.org/anaconda/osx-64/eigen-3.3.7-h04f5b5a_0.tar.bz2#1a9169e750eb7c63b1440469211f469b
https://conda.anaconda.org/anaconda/osx-64/expat-2.2.10-hb1e8313_2.tar.bz2#0b5d3ebde9514ab4311f607bcd465b8c
https://conda.anaconda.org/anaconda/osx-64/gmp-6.1.2-hb37e062_1.tar.bz2#ab1fc93279250a837aad914f547d9d6c
https://conda.anaconda.org/anaconda/osx-64/hdf4-4.2.13-h39711bb_2.tar.bz2#637b7dadcfe411e14233764fd1d820a3
https://conda.anaconda.org/anaconda/osx-64/icu-58.2-h0a44026_3.tar.bz2#5c5aa862793c874be6ec8d6af7d1f4e4
https://conda.anaconda.org/anaconda/osx-64/jsoncpp-1.8.4-h04f5b5a_0.tar.bz2#c774278a05a832241df6d0b64b92d80b
https://conda.anaconda.org/anaconda/osx-64/libffi-3.3-hb1e8313_2.tar.bz2#0d866b17cc3b70288c14478faed26db7
https://conda.anaconda.org/anaconda/osx-64/libopenblas-0.3.6-hdc02c5d_2.tar.bz2#7668a82a5d867d0d2d2310d2d906f818
https://conda.anaconda.org/anaconda/osx-64/libpng-1.6.37-ha441bb4_0.tar.bz2#256b1d19857d350dc549c64d6857c9a9
https://conda.anaconda.org/conda-forge/osx-64/llvm-openmp-8.0.1-h770b8ee_0.tar.bz2#22981e6688ff84040427ecfbdb45825a
https://conda.anaconda.org/conda-forge/osx-64/lz4-c-1.8.3-h6de7cb9_1001.tar.bz2#bacc4bc848109b87398b5ae18e6c4e00
https://conda.anaconda.org/anaconda/osx-64/metis-5.1.0-h0a44026_4.tar.bz2#efdf550758e09e6771f2c2f8cd4806d2
https://conda.anaconda.org/anaconda/osx-64/mpich-3.2.1-h12d9a10_8.tar.bz2#76f9cea5da8e2c0ce4a97557cf89abd9
https://conda.anaconda.org/anaconda/osx-64/ncurses-6.2-h0a44026_1.tar.bz2#f9b0393a71549899f7b20e100da46904
https://conda.anaconda.org/anaconda/osx-64/openssl-1.1.1h-haf1e3a3_0.tar.bz2#a2b806a758358ddfdb3ab7331b06399d
https://conda.anaconda.org/anaconda/osx-64/pcre-8.44-hb1e8313_0.tar.bz2#e93a2d08fc36700a6d903453db29a18f
https://conda.anaconda.org/anaconda/osx-64/pkg-config-0.29.2-h3efe00b_8.tar.bz2#3b186bff02439ca4238d5119a6db2606
https://conda.anaconda.org/conda-forge/osx-64/scotch-6.0.8-h703c93e_1.tar.bz2#f35a14b172ed59f8242d7b6afc221c28
https://conda.anaconda.org/anaconda/osx-64/tbb-2020.3-h879752b_0.tar.bz2#495f2debd589d580e6d768bc497d8b9d
https://conda.anaconda.org/anaconda/osx-64/tk-8.6.10-hb0a8c7a_0.tar.bz2#89085878dfca80e48aa2f82302017c25
https://conda.anaconda.org/anaconda/osx-64/zeromq-4.3.3-hb1e8313_3.tar.bz2#1966ea4a130d64af3834371b6bda5fa6
https://conda.anaconda.org/anaconda/osx-64/zstd-1.3.7-h5bba6e5_0.tar.bz2#d6692000414fafcca8fafb10306e889d
https://conda.anaconda.org/conda-forge/osx-64/boost-cpp-1.70.0-hd59e818_1.tar.bz2#7557cf2711d60bb93f574ad2c2673b5a
https://conda.anaconda.org/anaconda/osx-64/freetype-2.10.4-ha233b18_0.tar.bz2#14cea7d53c920e67bbd73edaf07d057e
https://conda.anaconda.org/conda-forge/osx-64/hdf5-1.10.5-mpi_mpich_h2f3dee2_1003.tar.bz2#6214428d4c582e97a9bce291ed507487
https://conda.anaconda.org/conda-forge/osx-64/libblas-3.8.0-11_openblas.tar.bz2#6ff96e030b1f00b4070af7678b65d663
https://conda.anaconda.org/anaconda/osx-64/libedit-3.1.20191231-h1de35cc_1.tar.bz2#6e3ad1781c11cf05be9980aac0094f9e
https://conda.anaconda.org/anaconda/osx-64/libssh2-1.9.0-ha12b0ac_1.tar.bz2#6f0d94710fa3576ae321513963f1c364
https://conda.anaconda.org/anaconda/osx-64/libtiff-4.1.0-hcb84e12_0.tar.bz2#3cb3b7c6d05388e4a5f7a0f70ab134f9
https://conda.anaconda.org/anaconda/osx-64/libxml2-2.9.10-h7cdb67c_3.tar.bz2#43feb4540d216e9ebe5d1797220cba10
https://conda.anaconda.org/anaconda/osx-64/mpfr-4.0.2-h9066e36_1.tar.bz2#083ab8a04e706f95d97e79de976540fb
https://conda.anaconda.org/conda-forge/osx-64/openmp-8.0.1-0.tar.bz2#3dbc076bd4314ddaa831fe6bbe19ee2a
https://conda.anaconda.org/conda-forge/osx-64/parmetis-4.0.3-ha69b24d_1003.tar.bz2#88f5b4d998b04bc74ac35fc645e1e0e3
https://conda.anaconda.org/conda-forge/osx-64/ptscotch-6.0.8-heb92a01_0.tar.bz2#73aec40ceecfa0b9527d9b2b69b0eee2
https://conda.anaconda.org/anaconda/osx-64/readline-8.0-h1de35cc_0.tar.bz2#39f9a6a6e46700c4c336dddfbb6b6001
https://conda.anaconda.org/anaconda/osx-64/rhash-1.4.0-hddc9c9b_0.tar.bz2#c6acf961520c001ec2706cfd8a6cb90a
https://conda.anaconda.org/anaconda/osx-64/swig-3.0.12-h1cb45b9_3.tar.bz2#ab548499a7dbe88f214c03d9724dbd46
https://conda.anaconda.org/anaconda/osx-64/krb5-1.18.2-h75d18d8_0.tar.bz2#f24477d3b366782fa0817d2ad4736b09
https://conda.anaconda.org/anaconda/osx-64/lcms2-2.11-h92f6f08_0.tar.bz2#d37b17b262ace030f2503b2e3073f9c3
https://conda.anaconda.org/conda-forge/osx-64/libcblas-3.8.0-11_openblas.tar.bz2#d843c3557ad831a36feb9ce8400acbf5
https://conda.anaconda.org/conda-forge/osx-64/liblapack-3.8.0-11_openblas.tar.bz2#4834a0ad67b3381efe0945db33f391b1
https://conda.anaconda.org/anaconda/osx-64/mpc-1.1.0-h6ef4df4_1.tar.bz2#e3f4e5825d7495329009da2529626af2
https://conda.anaconda.org/anaconda/osx-64/sqlite-3.33.0-hffcf06c_0.tar.bz2#d4e115b8b53e1ccb878c7c12dc390439
https://conda.anaconda.org/conda-forge/osx-64/hypre-2.15.1-he0087a8_1002.tar.bz2#9a84dac4aecd7c208399db4d7bdee4f0
https://conda.anaconda.org/anaconda/osx-64/libcurl-7.71.1-h8a08a2b_1.tar.bz2#a1dbddfc850af6a81eaee94df58825d6
https://conda.anaconda.org/conda-forge/osx-64/liblapacke-3.8.0-11_openblas.tar.bz2#693ac0970fef5fc37eabcc1fa7d18c5b
https://conda.anaconda.org/anaconda/osx-64/python-3.7.9-h26836e1_0.tar.bz2#5bfebe112b1cf889458ac61527699c39
https://conda.anaconda.org/anaconda/osx-64/qt-5.9.7-h468cd18_1.tar.bz2#c9357bdb42c8d8a3b643ddbd8d0d9730
https://conda.anaconda.org/conda-forge/osx-64/scalapack-2.0.2-h8c6c056_1006.tar.bz2#c481ee4354543577820829e499dcdeda
https://conda.anaconda.org/conda-forge/osx-64/suitesparse-4.5.6-h873bc41_1204.tar.bz2#33c8919bc92f729de98f6a2e3cbc2b75
https://conda.anaconda.org/anaconda/noarch/appdirs-1.4.4-py_0.tar.bz2#1ec0ad340dd2bb6786559565aa9e8a2f
https://conda.anaconda.org/anaconda/osx-64/appnope-0.1.0-py37_0.tar.bz2#fe4765efddefcddec63efa641a5e1287
https://conda.anaconda.org/anaconda/osx-64/async_generator-1.10-py37h28b3542_0.tar.bz2#2e7e74d35283fd651d87772b1bdb6319
https://conda.anaconda.org/anaconda/noarch/attrs-20.2.0-py_0.tar.bz2#fbac20defeae390f730e200dac29bf82
https://conda.anaconda.org/anaconda/noarch/backcall-0.2.0-py_0.tar.bz2#3d4549a36a54448196be416097f0ff64
https://conda.anaconda.org/conda-forge/osx-64/blas-2.11-openblas.tar.bz2#c27edacbdada8f28eb1aed864cc1e39a
https://conda.anaconda.org/anaconda/osx-64/certifi-2020.6.20-py37_0.tar.bz2#02446b304952f8e106a7de33a58e8481
https://conda.anaconda.org/anaconda/osx-64/chardet-3.0.4-py37_1003.tar.bz2#93d145e0856bdb241da586bac67644e1
https://conda.anaconda.org/anaconda/noarch/cloudpickle-1.6.0-py_0.tar.bz2#22d2030d77d1e5e066b559e358d643d0
https://conda.anaconda.org/anaconda/osx-64/cmake-3.14.0-haff7e42_0.tar.bz2#793f12f06ba6b013f13863c1f272004e
https://conda.anaconda.org/anaconda/osx-64/curl-7.71.1-hb0a8c7a_1.tar.bz2#6608fda40494e81c624373414c1a3362
https://conda.anaconda.org/anaconda/noarch/decorator-4.4.2-py_0.tar.bz2#4e298eec53d4a26726195d61ae144faf
https://conda.anaconda.org/anaconda/noarch/defusedxml-0.6.0-py_0.tar.bz2#db00390e2c4c3c3670d22a7bfba6a993
https://conda.anaconda.org/anaconda/osx-64/entrypoints-0.3-py37_0.tar.bz2#5bb261350f3b833a7e09b9d2fe880620
https://conda.anaconda.org/anaconda/osx-64/fastcache-1.1.0-py37h1de35cc_0.tar.bz2#18d129dee3a7e78b78cf03c132392918
https://conda.anaconda.org/anaconda/osx-64/future-0.18.2-py37_1.tar.bz2#a4214cde6c5b362164d39b16925d1d7d
https://conda.anaconda.org/anaconda/osx-64/gmpy2-2.0.8-py37h6ef4df4_2.tar.bz2#49b2e8bee7735b66654d9985e2c61956
https://conda.anaconda.org/anaconda/noarch/idna-2.10-py_0.tar.bz2#4b382d70696184fe9fcb7c75682664dc
https://conda.anaconda.org/anaconda/osx-64/ipython_genutils-0.2.0-py37_0.tar.bz2#65b3b9c0365d8d3ff7b5c1c32af40654
https://conda.anaconda.org/anaconda/noarch/json5-0.9.5-py_0.tar.bz2#286447d8c97985ae62d3d60cbf5bcb4c
https://conda.anaconda.org/anaconda/osx-64/kiwisolver-1.2.0-py37h04f5b5a_0.tar.bz2#088e1feb5601a2c28f04715ec6f8a859
https://conda.anaconda.org/anaconda/osx-64/markupsafe-1.1.1-py37h1de35cc_0.tar.bz2#6212b2ab14066988905f23773e4333fe
https://conda.anaconda.org/anaconda/osx-64/mistune-0.8.4-py37h1de35cc_0.tar.bz2#d1d60c6bb2b142ad18cb2052ff79212b
https://conda.anaconda.org/conda-forge/osx-64/mpi4py-3.0.2-py37h8745d93_0.tar.bz2#7cc41d5fe3dd52c656f5efe329684a79
https://conda.anaconda.org/anaconda/osx-64/mpmath-1.1.0-py37_0.tar.bz2#980d6326f1f09da275ca3f817267f9ba
https://conda.anaconda.org/conda-forge/osx-64/mumps-mpi-5.2.1-hbf5df79_3.tar.bz2#50c2b2f7a9502e0b088886fb63bbf339
https://conda.anaconda.org/anaconda/noarch/nest-asyncio-1.4.1-py_0.tar.bz2#ee56168cf4ac6c14a2367a18e6d099c5
https://conda.anaconda.org/anaconda/osx-64/olefile-0.46-py37_0.tar.bz2#8ccdf16277b606cebea5461777ba3787
https://conda.anaconda.org/anaconda/osx-64/pandocfilters-1.4.2-py37_1.tar.bz2#3e54dc613e71a7a7479bd543642d1eb5
https://conda.anaconda.org/anaconda/noarch/parso-0.7.0-py_0.tar.bz2#5e080bc2797c8eaf0758b0a053dc568a
https://conda.anaconda.org/anaconda/osx-64/pickleshare-0.7.5-py37_0.tar.bz2#7f3599bcf1cd105009525058e0145f05
https://conda.anaconda.org/anaconda/osx-64/pkgconfig-1.4.0-py37_0.tar.bz2#fe236b6bf8979c2820619d5a7b143af0
https://conda.anaconda.org/anaconda/noarch/prometheus_client-0.8.0-py_0.tar.bz2#c86e1bda318cd7fd240e217848274e29
https://conda.anaconda.org/anaconda/osx-64/ptyprocess-0.6.0-py37_0.tar.bz2#eaf349de500a66aba0ef3b208cb8fabd
https://conda.anaconda.org/conda-forge/osx-64/pybind11-2.3.0-py37h770b8ee_2.tar.bz2#d947820e4da225c9eccbd8f1fc2414c4
https://conda.anaconda.org/anaconda/noarch/pycparser-2.20-py_2.tar.bz2#bc20c885814700fdc0187918f9aff9ac
https://conda.anaconda.org/anaconda/noarch/pyparsing-2.4.7-py_0.tar.bz2#f185dd8ef8d8d543666158c07b3afe13
https://conda.anaconda.org/anaconda/osx-64/pyrsistent-0.17.3-py37haf1e3a3_0.tar.bz2#4583ca55a375a0f35425c4379288b352
https://conda.anaconda.org/anaconda/osx-64/pysocks-1.7.1-py37_0.tar.bz2#26d5222202475a037f5e1c38012bb16f
https://conda.anaconda.org/conda-forge/osx-64/python_abi-3.7-2_cp37m.tar.bz2#4b564389f52917cfe8fbc537284d42e6
https://conda.anaconda.org/anaconda/osx-64/pyyaml-5.3.1-py37haf1e3a3_1.tar.bz2#6d80796160fb60e53d34177c988af491
https://conda.anaconda.org/anaconda/osx-64/pyzmq-19.0.2-py37hb1e8313_1.tar.bz2#57b4a14d73611a9977a73bc00f5b158d
https://conda.anaconda.org/conda-forge/noarch/scooby-0.5.7-pyhd8ed1ab_0.tar.bz2#28afd49bf7257847fe2d2c816c5649c7
https://conda.anaconda.org/anaconda/osx-64/send2trash-1.5.0-py37_0.tar.bz2#0885ff3f969d5f3f1d193940083a3db6
https://conda.anaconda.org/anaconda/noarch/six-1.15.0-py_0.tar.bz2#0d41d5bff9a456f76f0ef718dc7a573a
https://conda.anaconda.org/anaconda/noarch/testpath-0.4.4-py_0.tar.bz2#c7e8e3df4d16aa22cbb5f8ae2cd68714
https://conda.anaconda.org/anaconda/noarch/toolz-0.11.1-py_0.tar.bz2#fad5e6fc2c5a28aaa89b072b08e188c8
https://conda.anaconda.org/anaconda/osx-64/tornado-6.0.4-py37h1de35cc_1.tar.bz2#96d47e03030880d49de718527f1f5f38
https://conda.anaconda.org/anaconda/noarch/wcwidth-0.2.5-py_0.tar.bz2#d2e33d50573939f4724f8fbd0dcc3439
https://conda.anaconda.org/anaconda/osx-64/webencodings-0.5.1-py37_1.tar.bz2#a14bd3b5746f475e9235e249131ab4e4
https://conda.anaconda.org/anaconda/noarch/wheel-0.35.1-py_0.tar.bz2#9c75d27bfc81b445298eba0ebb088c15
https://conda.anaconda.org/anaconda/noarch/zipp-3.3.1-py_0.tar.bz2#0866c5c2eacf8d9eb096bb0732f7666d
https://conda.anaconda.org/anaconda/osx-64/cffi-1.14.3-py37hed5b41f_0.tar.bz2#e1caa8cf420d6edd60c8416b01f4330b
https://conda.anaconda.org/anaconda/osx-64/cycler-0.10.0-py37_0.tar.bz2#d49cf75c0f16d48fc655c179f08b59e2
https://conda.anaconda.org/anaconda/osx-64/cytoolz-0.11.0-py37haf1e3a3_0.tar.bz2#d6931e524ffe75c7286cbeb424f77e24
https://conda.anaconda.org/anaconda/noarch/dask-core-2.30.0-py_0.tar.bz2#ae95e7ad795342ff2e60921a9e26cbb9
https://conda.anaconda.org/anaconda/noarch/importlib-metadata-2.0.0-py_1.tar.bz2#6e77b21126e16cd89989c52d37162f59
https://conda.anaconda.org/anaconda/osx-64/jedi-0.17.2-py37_0.tar.bz2#8920340a028ca0315556ffc0744653a6
https://conda.anaconda.org/conda-forge/osx-64/libnetcdf-4.7.1-mpi_mpich_ha4334dc_1.tar.bz2#b303c22bc2934a3140a3488d20a78b77
https://conda.anaconda.org/anaconda/osx-64/numpy-base-1.16.6-py37ha711998_0.tar.bz2#618eda8ff2aa50d020c65051f375d97d
https://conda.anaconda.org/anaconda/noarch/packaging-20.4-py_0.tar.bz2#80eb4e4cda8abe15fb013ab97a0b5bd9
https://conda.anaconda.org/conda-forge/osx-64/petsc-3.11.3-he952a23_3.tar.bz2#5687b4ee2831d145ffcfba8b352c3546
https://conda.anaconda.org/anaconda/osx-64/pexpect-4.8.0-py37_0.tar.bz2#bfeae962a233b245bab55d79550927f9
https://conda.anaconda.org/anaconda/osx-64/pillow-8.0.0-py37h1a82f1a_0.tar.bz2#a9496835eaf4c5fdfb20acf27d3a966e
https://conda.anaconda.org/anaconda/noarch/python-dateutil-2.8.1-py_0.tar.bz2#58a898b1a4a13e8c0cfd0d4b1a999ba9
https://conda.anaconda.org/anaconda/osx-64/python-utils-2.4.0-py37_0.tar.bz2#c4a4e3677a27e472d028510c858ab61c
https://conda.anaconda.org/anaconda/osx-64/setuptools-50.3.0-py37h0dc7051_1.tar.bz2#5331608e93c0eb2c4852db1ad8ce52f2
https://conda.anaconda.org/anaconda/osx-64/sympy-1.6.2-py37_0.tar.bz2#556b2c7ff3ce2c21649c17bf010d1e4b
https://conda.anaconda.org/anaconda/osx-64/terminado-0.9.1-py37_0.tar.bz2#35f7b8200d4ec5765857a6da3f55da1b
https://conda.anaconda.org/anaconda/noarch/traitlets-5.0.5-py_0.tar.bz2#b6d8296a73422e03c6733ab6cef20e57
https://conda.anaconda.org/anaconda/osx-64/argon2-cffi-20.1.0-py37haf1e3a3_1.tar.bz2#2e988cd5d64bd18196d45c3cc7ceb610
https://conda.anaconda.org/anaconda/noarch/bleach-3.2.1-py_0.tar.bz2#637c02a3fdfc2f12640d554306e85e39
https://conda.anaconda.org/anaconda/osx-64/brotlipy-0.7.0-py37haf1e3a3_1000.tar.bz2#0f487ba2b9b63c718e959d0caa9f5dc9
https://conda.anaconda.org/anaconda/osx-64/cryptography-3.1.1-py37hddc9c9b_0.tar.bz2#aba28dae7edb5e90e7283a535a45d2e2
https://conda.anaconda.org/anaconda/osx-64/cython-0.29.21-py37hb1e8313_0.tar.bz2#8e5e17aed864e54c336c99fd9b6537b8
https://conda.anaconda.org/anaconda/noarch/importlib_metadata-2.0.0-1.tar.bz2#ee86d1893b4f57c3b9e828aac034ac01
https://conda.anaconda.org/anaconda/noarch/jinja2-2.11.2-py_0.tar.bz2#4a4fc89f9879933d7a948221c3db2ba0
https://conda.anaconda.org/anaconda/osx-64/jupyter_core-4.6.3-py37_0.tar.bz2#d0cd76e87a0a3d956fbd1da69ad93c6b
https://conda.anaconda.org/anaconda/noarch/networkx-2.5-py_0.tar.bz2#c19d5d748d65345fa47a2f094e360663
https://conda.anaconda.org/anaconda/osx-64/numpy-1.16.6-py37h2977cdd_0.tar.bz2#2a5e3e8514f1b024047c8e5be52ee2b2
https://conda.anaconda.org/anaconda/osx-64/pip-20.2.4-py37_0.tar.bz2#5a8ed37fcc68b59419abb6c05d39931e
https://conda.anaconda.org/anaconda/noarch/pygments-2.7.1-py_0.tar.bz2#ea94959021a5212185cc50fe21b3ff0e
https://conda.anaconda.org/conda-forge/osx-64/slepc-3.11.2-h5bdb03d_1.tar.bz2#7cc9cfe374ee883747eeb2e0c333c8ed
https://conda.anaconda.org/conda-forge/osx-64/vtk-8.2.0-py37h19d254c_206.tar.bz2#fed54318346fedf0bebdfa9f4f70de5b
https://conda.anaconda.org/anaconda/osx-64/cftime-1.2.1-py37hf1fa96c_0.tar.bz2#f173a098db0ed2c87ac05597ec10a6b2
https://conda.anaconda.org/conda-forge/osx-64/fenics-dijitso-2019.1.0-py37hf985489_21.tar.bz2#8929bb86d2a0528cabbe59857c112d8c
https://conda.anaconda.org/conda-forge/osx-64/fenics-fiat-2019.1.0-py37hf985489_21.tar.bz2#8af0c0dacd6abaf671e62c784ce3acac
https://conda.anaconda.org/conda-forge/osx-64/fenics-ufl-2019.1.0-py37hf985489_21.tar.bz2#77a4cdc03498ec461fa3c7eebed6041a
https://conda.anaconda.org/conda-forge/osx-64/h5py-2.10.0-nompi_py37h106b333_102.tar.bz2#8fa08913638c541d3db8f3b2edbf1cbb
https://conda.anaconda.org/anaconda/noarch/imageio-2.9.0-py_0.tar.bz2#fba5e2a0a3cac84f0fe0663cde695082
https://conda.anaconda.org/anaconda/noarch/jsonschema-3.2.0-py_2.tar.bz2#1cd50b809559ea09055fbf060a38d863
https://conda.anaconda.org/anaconda/noarch/jupyter_client-6.1.7-py_0.tar.bz2#ecbd51d70438364520203678c8b1f570
https://conda.anaconda.org/anaconda/noarch/jupyterlab_pygments-0.1.2-py_0.tar.bz2#33624a42ee387bf9918ea98b4e7b31fc
https://conda.anaconda.org/anaconda/osx-64/matplotlib-base-3.3.1-py37h181983e_0.tar.bz2#7bdb420998ad0e009fdf6a09b8e38bd9
https://conda.anaconda.org/conda-forge/osx-64/numpy-stl-2.15.1-py37h9f9e6dc_1.tar.bz2#bb4ab6f69677acdf6cf8a3f81599e246
https://conda.anaconda.org/conda-forge/osx-64/petsc4py-3.11.0-py37hf300cca_2.tar.bz2#1c8791df744060abf7b9f21319405767
https://conda.anaconda.org/anaconda/noarch/prompt-toolkit-3.0.8-py_0.tar.bz2#e6fa4b130e67b0bed0d491f0ad5d5242
https://conda.anaconda.org/conda-forge/noarch/pyevtk-1.4.1-pyh8a188c0_0.tar.bz2#78cd9abeb15a8129dd7b8aa79b3c3a31
https://conda.anaconda.org/anaconda/noarch/pyopenssl-19.1.0-py_1.tar.bz2#eae315d2cf67ea8da0ae585af683b60d
https://conda.anaconda.org/anaconda/osx-64/pywavelets-1.1.1-py37haf1e3a3_2.tar.bz2#bd1cb292373111c24828d197fa77230b
https://conda.anaconda.org/anaconda/osx-64/scipy-1.5.2-py37hadf427e_0.tar.bz2#ed63d7cca931e2491b701017700e32c2
https://conda.anaconda.org/conda-forge/noarch/transforms3d-0.3.1-py_0.tar.bz2#6da5577349701747d4241472f18a9e76
https://conda.anaconda.org/conda-forge/osx-64/fenics-ffc-2019.1.0-py37hf985489_21.tar.bz2#d77c16b63d26385c459a453e604739b0
https://conda.anaconda.org/anaconda/osx-64/ipython-7.18.1-py37h5ca1d4c_0.tar.bz2#ee865dc86c9a0808257297975522145a
https://conda.anaconda.org/anaconda/osx-64/matplotlib-3.3.1-0.tar.bz2#2fd17db55a97341f44fc2d158c05f1ae
https://conda.anaconda.org/anaconda/noarch/nbformat-5.0.8-py_0.tar.bz2#fe5c2963928ccec9bbc4ed7df9b47078
https://conda.anaconda.org/conda-forge/osx-64/netcdf4-1.5.3-py37he9269ea_0.tar.bz2#509cc111454ced38ec2893380b22c20a
https://conda.anaconda.org/conda-forge/osx-64/scikit-umfpack-0.3.2-py37h5a35fe0_1001.tar.bz2#ffc9399dcabd8aa7ecc32a7728b6ca77
https://conda.anaconda.org/conda-forge/osx-64/slepc4py-3.11.0-py37hc459697_0.tar.bz2#6abea740abea355592913266753e2158
https://conda.anaconda.org/anaconda/noarch/urllib3-1.25.11-py_0.tar.bz2#be7e845e2ccdd23fb14e7421336346bf
https://conda.anaconda.org/conda-forge/osx-64/fenics-libdolfin-2019.1.0-h0cac972_7.tar.bz2#9abee297943f3d1128f5e893781532fd
https://conda.anaconda.org/anaconda/osx-64/ipykernel-5.3.4-py37h5ca1d4c_0.tar.bz2#bad370af29bde730f8d5c000e2cb11e7
https://conda.anaconda.org/conda-forge/noarch/meshio-4.4.6-pyhd8ed1ab_0.tar.bz2#2dbacee1b852eb3b40cbd69de84c49a0
https://conda.anaconda.org/anaconda/noarch/nbclient-0.5.1-py_0.tar.bz2#8cfb53aac04bf214ee2234da35850688
https://conda.anaconda.org/anaconda/noarch/requests-2.24.0-py_0.tar.bz2#0da8872d36b3ef33859654b6d0fea148
https://conda.anaconda.org/anaconda/osx-64/scikit-image-0.16.2-py37h6c726b0_0.tar.bz2#7637baa7e76e212291c6b95a9a83f21c
https://conda.anaconda.org/conda-forge/osx-64/fenics-dolfin-2019.1.0-py37h6a70657_7.tar.bz2#b468b0669982f56c9f95af59bd40206f
https://conda.anaconda.org/anaconda/osx-64/nbconvert-6.0.7-py37_0.tar.bz2#a912aca50b50f8c5e7fe2756d36516ec
https://conda.anaconda.org/conda-forge/noarch/pyvista-0.31.3-pyhd8ed1ab_0.tar.bz2#9447b68bea5c204d50fcbc7cb1fe6939
https://conda.anaconda.org/anaconda/osx-64/notebook-6.1.4-py37_0.tar.bz2#312ff7de56a575b5194f6d319e74d520
https://conda.anaconda.org/anaconda/noarch/jupyterlab_server-1.2.0-py_0.tar.bz2#314e9533e01cd4b9e5a36f83444555c1
https://conda.anaconda.org/anaconda/osx-64/widgetsnbextension-3.5.1-py37_0.tar.bz2#ce6f58ce744247f84be5e13c1e26613c
https://conda.anaconda.org/anaconda/noarch/ipywidgets-7.5.1-py_1.tar.bz2#e07881daaada58830418db3d1a054378
https://conda.anaconda.org/anaconda/noarch/jupyterlab-2.2.6-py_0.tar.bz2#509913b146b2d749f8543732bc939a27
https://conda.anaconda.org/anaconda/noarch/ipympl-0.5.8-py_0.tar.bz2#5fe5578866f96820c4195968a2fa334a
