# Generated by conda-lock.
# platform: osx-64
# env_hash: 8bd5a5bb1dc6410791c69a09ffc221812f285767c0594ccd237b2a947b73f6fc
@EXPLICIT
https://conda.anaconda.org/conda-forge/osx-64/bzip2-1.0.8-h0d85af4_4.tar.bz2#37edc4e6304ca87316e160f5ca0bd1b5
https://conda.anaconda.org/conda-forge/osx-64/c-ares-1.17.2-h0d85af4_0.tar.bz2#133e6624e8c549a83f5350847d3e0a43
https://conda.anaconda.org/conda-forge/osx-64/ca-certificates-2021.5.30-h033912b_0.tar.bz2#2377a0c58b5ffe92d70b7bdcd833e8ff
https://conda.anaconda.org/conda-forge/osx-64/jpeg-9d-hbcb3906_0.tar.bz2#ff6fba028f282f94ceb10597d58a56e8
https://conda.anaconda.org/conda-forge/osx-64/libcxx-12.0.1-habf9029_0.tar.bz2#49c188a7f9c7c9ddabafc80cc5625bb7
https://conda.anaconda.org/conda-forge/osx-64/libev-4.33-haf1e3a3_1.tar.bz2#79dc2be110b2a3d1e97ec21f691c50ad
https://conda.anaconda.org/conda-forge/osx-64/libiconv-1.16-haf1e3a3_0.tar.bz2#c5fab167412a52e491c8e11453ae016f
https://conda.anaconda.org/conda-forge/osx-64/libsodium-1.0.18-hbcb3906_1.tar.bz2#24632c09ed931af617fe6d5292919cab
https://conda.anaconda.org/conda-forge/osx-64/libuv-1.42.0-h0d85af4_0.tar.bz2#0893dc8db34a4fc7aa999f6be2c48f5c
https://conda.anaconda.org/conda-forge/osx-64/metis-5.1.0-h2e338ed_1006.tar.bz2#ed90f7784864e7c0580624ec3ed5534e
https://conda.anaconda.org/conda-forge/osx-64/mpi-1.0-mpich.tar.bz2#7316a634ed27146b42d28433ec3bc227
https://conda.anaconda.org/conda-forge/osx-64/mumps-include-5.2.1-6.tar.bz2#f434d6da8acee72e9170065e1591b399
https://conda.anaconda.org/conda-forge/osx-64/ncurses-6.2-h2e338ed_4.tar.bz2#9cef1910395d1543527583e73dba30f1
https://conda.anaconda.org/conda-forge/osx-64/pandoc-2.14.1-h0d85af4_0.tar.bz2#e92dcbeab114699191c169e9afdf2c2e
https://conda.anaconda.org/conda-forge/osx-64/rhash-1.4.1-h35c211d_0.tar.bz2#0b9fe5873503310fa32d2c0a3afd57bc
https://conda.anaconda.org/conda-forge/osx-64/xz-5.2.5-haf1e3a3_1.tar.bz2#41116deb499e9bc58048c297d6403ce6
https://conda.anaconda.org/conda-forge/osx-64/yaml-0.2.5-haf1e3a3_0.tar.bz2#84c2fc186995c25a43e86ed708065572
https://conda.anaconda.org/conda-forge/osx-64/zlib-1.2.11-h7795811_1010.tar.bz2#7d39e47e16ed0107f37c7224d5b5be8b
https://conda.anaconda.org/conda-forge/osx-64/eigen-3.3.9-h926bf3e_1.tar.bz2#433fb0bf9c15fd24a449055a0a996762
https://conda.anaconda.org/conda-forge/osx-64/expat-2.4.1-he49afe7_0.tar.bz2#61d8ae52fc518342e6e0891f2d2c4104
https://conda.anaconda.org/conda-forge/osx-64/gmp-6.2.1-h2e338ed_0.tar.bz2#dedc96914428dae572a39e69ee2a392f
https://conda.anaconda.org/conda-forge/osx-64/hdf4-4.2.15-hefd3b78_3.tar.bz2#07bbe01a1cabdb9ec0d35524e09f4db4
https://conda.anaconda.org/conda-forge/osx-64/icu-64.2-h6de7cb9_1.tar.bz2#98593e7221241d8e19fee197ac105b4d
https://conda.anaconda.org/conda-forge/osx-64/jsoncpp-1.8.4-ha1b3eb9_1002.tar.bz2#d51074b98c3ef49d9cd06d7f49006e34
https://conda.anaconda.org/conda-forge/osx-64/libedit-3.1.20191231-h0678c8f_2.tar.bz2#6016a8a1d0e63cac3de2c352cd40208b
https://conda.anaconda.org/conda-forge/osx-64/libffi-3.2.1-hb1e8313_1007.tar.bz2#be8b6ba3b6710a89ab891bbed151659c
https://conda.anaconda.org/conda-forge/osx-64/libllvm9-9.0.1-h223d4b2_3.tar.bz2#1548efa3f9d92865a3a6bfad4176d8b9
https://conda.anaconda.org/conda-forge/osx-64/libpng-1.6.37-h7cec526_2.tar.bz2#9e52521faba2b53269672628d34e1513
https://conda.anaconda.org/conda-forge/osx-64/llvm-openmp-8.0.1-h770b8ee_0.tar.bz2#22981e6688ff84040427ecfbdb45825a
https://conda.anaconda.org/conda-forge/osx-64/lz4-c-1.8.3-h6de7cb9_1001.tar.bz2#bacc4bc848109b87398b5ae18e6c4e00
https://conda.anaconda.org/conda-forge/osx-64/nspr-4.30-hcd9eead_0.tar.bz2#47c2bc33545b08de4d808fca615178c6
https://conda.anaconda.org/conda-forge/osx-64/openssl-1.1.1k-h0d85af4_1.tar.bz2#74d8c1e0196f2a556638d54be56debc8
https://conda.anaconda.org/conda-forge/osx-64/pcre-8.45-he49afe7_0.tar.bz2#0526850419e04ac003bc0b65a78dc4cc
https://conda.anaconda.org/conda-forge/osx-64/pkg-config-0.29.2-h31203cd_1008.tar.bz2#c72ece6dc1aba238da9104ee41a18111
https://conda.anaconda.org/conda-forge/osx-64/readline-7.0-hcfe32e1_1001.tar.bz2#4dfbb0e22ab207236cdd49e2352cecd9
https://conda.anaconda.org/conda-forge/osx-64/scotch-6.0.8-h703c93e_1.tar.bz2#f35a14b172ed59f8242d7b6afc221c28
https://conda.anaconda.org/conda-forge/osx-64/tbb-2020.2-h940c156_4.tar.bz2#5b12427550a7a818ce9275ae5dcf6258
https://conda.anaconda.org/conda-forge/osx-64/tk-8.6.11-hd798d34_0.tar.bz2#579405c0cc2780700a2fbe9778285bda
https://conda.anaconda.org/conda-forge/osx-64/zeromq-4.3.4-h1c7c35f_0.tar.bz2#2af55e3523e9210b2b2dff5855fb5382
https://conda.anaconda.org/conda-forge/osx-64/boost-cpp-1.70.0-h75728bb_2.tar.bz2#8866632c2abb193dacf0dd9ddfd3f76b
https://conda.anaconda.org/conda-forge/osx-64/freetype-2.10.4-h4cff582_1.tar.bz2#5a136a432c6062362cd7990c514bd8d6
https://conda.anaconda.org/conda-forge/osx-64/krb5-1.19.2-hcfbf3a7_0.tar.bz2#a690006b8fea5c7d9eccf30aa07bb5d9
https://conda.anaconda.org/conda-forge/osx-64/libclang-9.0.1-default_he082bbe_1.tar.bz2#7ad9e50bdb5a8e30bd2309104bd3b7f5
https://conda.anaconda.org/conda-forge/osx-64/libgfortran4-7.5.0-h1a10cd1_23.tar.bz2#c26272f23d01f8cde50ed0c776c0edb1
https://conda.anaconda.org/conda-forge/osx-64/libnghttp2-1.43.0-h07e645a_0.tar.bz2#b4a9c405d47f3b120ed6cf86cc8a13aa
https://conda.anaconda.org/conda-forge/osx-64/libssh2-1.9.0-h52ee1ee_6.tar.bz2#42cebefd1fd127d1180e3df004a413b7
https://conda.anaconda.org/conda-forge/osx-64/libxml2-2.9.10-h53d96d6_0.tar.bz2#18dab8184a9255bf6fcd55c69f94f3b1
https://conda.anaconda.org/conda-forge/osx-64/mpfr-4.1.0-h0f52abe_0.tar.bz2#15648520501e6b444afa03e70255ea4b
https://conda.anaconda.org/conda-forge/osx-64/openmp-8.0.1-0.tar.bz2#3dbc076bd4314ddaa831fe6bbe19ee2a
https://repo.anaconda.com/pkgs/main/osx-64/sqlite-3.33.0-hffcf06c_0.conda#c1c74e72f33b4d1f3f9800e721e83019
https://conda.anaconda.org/conda-forge/osx-64/swig-4.0.2-hce5123c_2.tar.bz2#2c2c9cdb0feab0a3f40ddecbd4a5ad44
https://conda.anaconda.org/conda-forge/osx-64/zstd-1.4.4-hed8d7c8_2.tar.bz2#ad39133ba192dfe936b4dc03c2849d9d
https://conda.anaconda.org/conda-forge/osx-64/libcurl-7.78.0-hf45b732_0.tar.bz2#dbd0239d2c0aee6405a5466ad7cdf7ee
https://conda.anaconda.org/conda-forge/osx-64/libgfortran-4.0.0-7_5_0_h1a10cd1_23.tar.bz2#617b1e5089026c0a2fe551ecccd58a79
https://repo.anaconda.com/pkgs/main/osx-64/libpq-12.2-h1b4eb34_1.conda#186bfaa1d73863ca597b3024ae0ee3e5
https://conda.anaconda.org/conda-forge/osx-64/libtiff-4.1.0-ha78913b_3.tar.bz2#224de8f4c2e6e60fe0aafb3ed905e083
https://conda.anaconda.org/conda-forge/osx-64/mpc-1.1.0-ha57cd0f_1009.tar.bz2#e97438cea7c25b9906edf9525f580674
https://conda.anaconda.org/conda-forge/osx-64/nss-3.47-hc0980d9_0.tar.bz2#c4a8c66c0125d86fbde82cf965212917
https://repo.anaconda.com/pkgs/main/osx-64/python-3.7.4-h359304d_1.conda#7c00442e64b073663fe708744feca5ec
https://conda.anaconda.org/conda-forge/noarch/appdirs-1.4.4-pyh9f0ad1d_0.tar.bz2#5f095bc6454094e96f146491fd03633b
https://conda.anaconda.org/conda-forge/noarch/async_generator-1.10-py_0.tar.bz2#d56c596e61b1c4952acf0a9920856c12
https://conda.anaconda.org/conda-forge/noarch/attrs-21.2.0-pyhd8ed1ab_0.tar.bz2#d2e1c7f388ac403df7079b411c37cc50
https://conda.anaconda.org/conda-forge/noarch/backcall-0.2.0-pyh9f0ad1d_0.tar.bz2#6006a6d08a3fa99268a2681c7fb55213
https://conda.anaconda.org/conda-forge/noarch/backports-1.0-py_2.tar.bz2#0da16b293affa6ac31812376f8eb79dd
https://conda.anaconda.org/conda-forge/noarch/charset-normalizer-2.0.0-pyhd8ed1ab_0.tar.bz2#4a57e24d5b759893615c05926b7b5fb9
https://conda.anaconda.org/conda-forge/noarch/cloudpickle-1.6.0-py_0.tar.bz2#76d764d8881719e305f6fa368dc2b65e
https://conda.anaconda.org/conda-forge/osx-64/cmake-3.19.4-hdeeeba1_0.tar.bz2#40e8eef0a039d251ec1540a75c2e40d4
https://conda.anaconda.org/conda-forge/osx-64/curl-7.78.0-hb861fe1_0.tar.bz2#439763cec96dd320cc36e3d4cf948093
https://conda.anaconda.org/conda-forge/noarch/decorator-5.0.9-pyhd8ed1ab_0.tar.bz2#0ae9cca42e37b5ce6267c2a2b1383546
https://conda.anaconda.org/conda-forge/noarch/defusedxml-0.7.1-pyhd8ed1ab_0.tar.bz2#961b3a227b437d82ad7054484cfa71b2
https://conda.anaconda.org/conda-forge/noarch/entrypoints-0.3-pyhd8ed1ab_1003.tar.bz2#bbf9a201f6ce99a506f4955374d9a9f4
https://conda.anaconda.org/conda-forge/osx-64/fftw-3.3.8-nompi_h9629793_1109.tar.bz2#741e66fe021b3278395902f278ca9611
https://conda.anaconda.org/conda-forge/noarch/fsspec-2021.7.0-pyhd8ed1ab_0.tar.bz2#84fdd43802084b7c414db36b33538ea3
https://conda.anaconda.org/conda-forge/noarch/idna-3.1-pyhd3deb0d_0.tar.bz2#9c9aea4b8391264477df484f798562d0
https://conda.anaconda.org/conda-forge/noarch/ipython_genutils-0.2.0-py_1.tar.bz2#5071c982548b3a20caf70462f04f5287
https://conda.anaconda.org/conda-forge/noarch/json5-0.9.5-pyh9f0ad1d_0.tar.bz2#10759827a94e6b14996e81fb002c0bda
https://conda.anaconda.org/conda-forge/noarch/jupyterlab_widgets-1.0.0-pyhd8ed1ab_1.tar.bz2#f8da92114c8fbe1d951b0efaf54dd14b
https://conda.anaconda.org/conda-forge/osx-64/lcms2-2.11-h11f7e16_1.tar.bz2#e51153c3a4a2455f2466ef4e5496c34d
https://conda.anaconda.org/conda-forge/osx-64/libopenblas-0.3.7-h3d69b6c_4.tar.bz2#1c66a224ff1bbd2248bee5027bb46e54
https://conda.anaconda.org/conda-forge/noarch/locket-0.2.0-py_2.tar.bz2#709e8671651c7ec3d1ad07800339ff1d
https://conda.anaconda.org/conda-forge/osx-64/mpich-3.3.2-hd33e60e_5.tar.bz2#f0194a19091f0ca11b61a8e295fdd532
https://conda.anaconda.org/conda-forge/noarch/mpmath-1.2.1-pyhd8ed1ab_0.tar.bz2#9b06ebbd24f7c60ba5a29117c528514e
https://conda.anaconda.org/conda-forge/noarch/nest-asyncio-1.5.1-pyhd8ed1ab_0.tar.bz2#47a51a5b8f9cc41004c8d7bd88b62447
https://conda.anaconda.org/conda-forge/noarch/olefile-0.46-pyh9f0ad1d_1.tar.bz2#0b2e68acc8c78c8cc392b90983481f58
https://conda.anaconda.org/conda-forge/noarch/pandocfilters-1.4.2-py_1.tar.bz2#ba6f4a308f1ea22abe1d72e72544af76
https://conda.anaconda.org/conda-forge/noarch/parso-0.8.2-pyhd8ed1ab_0.tar.bz2#fb40b157bd62b457a1cc82527b63f0b0
https://conda.anaconda.org/conda-forge/noarch/pickleshare-0.7.5-py_1003.tar.bz2#415f0ebb6198cc2801c73438a9fb5761
https://conda.anaconda.org/conda-forge/noarch/prometheus_client-0.11.0-pyhd8ed1ab_0.tar.bz2#01f530bf82d9f589c2087b8c347d5e29
https://conda.anaconda.org/conda-forge/noarch/ptyprocess-0.7.0-pyhd3deb0d_0.tar.bz2#359eeb6536da0e687af562ed265ec263
https://conda.anaconda.org/conda-forge/noarch/pycparser-2.20-pyh9f0ad1d_2.tar.bz2#aa798d50ffd182a0f6f31478c7f434f6
https://conda.anaconda.org/conda-forge/noarch/pyparsing-2.4.7-pyh9f0ad1d_0.tar.bz2#626c4f20d5bf06dcec9cf2eaa31725c7
https://conda.anaconda.org/conda-forge/osx-64/python_abi-3.7-2_cp37m.tar.bz2#4b564389f52917cfe8fbc537284d42e6
https://conda.anaconda.org/conda-forge/noarch/pytz-2021.1-pyhd8ed1ab_0.tar.bz2#3af2e9424d5eb0063824a3f9b850d411
https://conda.anaconda.org/conda-forge/osx-64/qt-5.12.5-h514805e_3.tar.bz2#8c06142f187c16650ccf47fb4793369b
https://conda.anaconda.org/conda-forge/noarch/scooby-0.5.7-pyhd8ed1ab_0.tar.bz2#28afd49bf7257847fe2d2c816c5649c7
https://conda.anaconda.org/conda-forge/noarch/send2trash-1.8.0-pyhd8ed1ab_0.tar.bz2#edab14119efe85c3bf131ad747e9005c
https://conda.anaconda.org/conda-forge/noarch/six-1.16.0-pyh6c4a22f_0.tar.bz2#e5f25f8dbc060e9a8d912e432202afc2
https://conda.anaconda.org/conda-forge/noarch/testpath-0.5.0-pyhd8ed1ab_0.tar.bz2#53b57d6a468bebc7cef1253b177a5e9e
https://conda.anaconda.org/conda-forge/noarch/toolz-0.11.1-py_0.tar.bz2#d1e66b58cb00b3817ad9f05eec098c00
https://conda.anaconda.org/conda-forge/noarch/typing_extensions-3.10.0.0-pyha770c72_0.tar.bz2#67c0cba6533b641f28946d7c16f361c8
https://conda.anaconda.org/conda-forge/noarch/webencodings-0.5.1-py_1.tar.bz2#3563be4c5611a44210d9ba0c16113136
https://conda.anaconda.org/conda-forge/noarch/wheel-0.37.0-pyhd8ed1ab_1.tar.bz2#3aa2c3e25dd361b453d010388b9cdff1
https://conda.anaconda.org/conda-forge/noarch/zipp-3.5.0-pyhd8ed1ab_0.tar.bz2#f9dd05a5ed6b81c91f097e3739107a74
https://conda.anaconda.org/conda-forge/osx-64/appnope-0.1.2-py37hf985489_1.tar.bz2#1bee6125d3ade317803d5358ea3f0e83
https://conda.anaconda.org/conda-forge/noarch/babel-2.9.1-pyh44b312d_0.tar.bz2#74136ed39bfea0832d338df1e58d013e
https://conda.anaconda.org/conda-forge/osx-64/certifi-2021.5.30-py37hf985489_0.tar.bz2#0be45059d18a95220573963524676b1a
https://conda.anaconda.org/conda-forge/osx-64/cffi-1.14.4-py37hbddb872_0.tar.bz2#ef1cebc3cf59371c5845fee047097715
https://conda.anaconda.org/conda-forge/osx-64/chardet-4.0.0-py37hf985489_1.tar.bz2#212f48113f4aa416eb58404fbece967b
https://conda.anaconda.org/conda-forge/noarch/cycler-0.10.0-py_2.tar.bz2#f6d7c7e6d8f42cbbec7e07a8d879f91c
https://conda.anaconda.org/conda-forge/osx-64/cython-0.29.24-py37hd8d24ac_0.tar.bz2#b47153f223d774ff026743339329dc80
https://conda.anaconda.org/conda-forge/osx-64/cytoolz-0.11.0-py37h271585c_3.tar.bz2#4c5542b4ece2bbe20eefae2b431c4105
https://conda.anaconda.org/conda-forge/osx-64/debugpy-1.4.1-py37hd8d24ac_0.tar.bz2#3b06b715642da8dab6835673d77aa285
https://conda.anaconda.org/conda-forge/osx-64/future-0.18.2-py37hf985489_3.tar.bz2#5137794442657f0dbafb035a31627fc6
https://conda.anaconda.org/conda-forge/osx-64/gmpy2-2.1.0b5-py37h60f582e_0.tar.bz2#36f5e544a885a293a06ca57bf4de3e7b
https://conda.anaconda.org/conda-forge/osx-64/hdf5-1.10.5-mpi_mpich_hd7fb7e8_1011.tar.bz2#9f8ae12fa3fbd61ef443222bf1aeefec
https://conda.anaconda.org/conda-forge/osx-64/importlib-metadata-4.6.4-py37hf985489_0.tar.bz2#ee3b038eac7e4430bebdc63cc840bc55
https://conda.anaconda.org/conda-forge/osx-64/jedi-0.18.0-py37hf985489_2.tar.bz2#8cf41e3992c9d1ae8549dfaf03d4bc14
https://conda.anaconda.org/conda-forge/osx-64/kiwisolver-1.3.1-py37h737db71_1.tar.bz2#9f21eaa3eff1f10def66b7d91d6fee7a
https://conda.anaconda.org/conda-forge/osx-64/libblas-3.8.0-14_openblas.tar.bz2#4fb639363cc2ac8b4df0fa79e0f67e47
https://conda.anaconda.org/conda-forge/osx-64/markupsafe-2.0.1-py37h271585c_0.tar.bz2#e3488847e5c3bba390401e73a820a0d6
https://conda.anaconda.org/conda-forge/osx-64/mistune-0.8.4-py37h271585c_1004.tar.bz2#5d4658291ea2b8afb0382857cd60c409
https://conda.anaconda.org/conda-forge/osx-64/mpi4py-3.0.3-py37he3c3b00_4.tar.bz2#b95f571e5d54a8d3f14df41abd83f35d
https://conda.anaconda.org/conda-forge/osx-64/orjson-3.6.3-py37h13e996e_0.tar.bz2#ce74d7ae79aca86d2e9314390f41ca6c
https://conda.anaconda.org/conda-forge/noarch/packaging-21.0-pyhd8ed1ab_0.tar.bz2#45cfb8e482b5cce8f07c87e0e19a592c
https://conda.anaconda.org/conda-forge/osx-64/parmetis-4.0.3-hbc1d92b_1005.tar.bz2#68074e32aa39fa42f66779b6f863f199
https://conda.anaconda.org/conda-forge/noarch/partd-1.2.0-pyhd8ed1ab_0.tar.bz2#0c32f563d7f22e3a34c95cad8cc95651
https://conda.anaconda.org/conda-forge/noarch/pexpect-4.8.0-pyh9f0ad1d_2.tar.bz2#5909e7b978141dd80d28dbf9de627827
https://conda.anaconda.org/conda-forge/osx-64/pillow-8.1.0-py37h40a97b9_1.tar.bz2#0ce56e9b15a71d30758ffc8b6d279b9b
https://conda.anaconda.org/conda-forge/osx-64/pkgconfig-1.5.5-py37hf985489_0.tar.bz2#1775243b3ff5bda452195c0c475574f5
https://conda.anaconda.org/conda-forge/osx-64/ptscotch-6.0.8-h8c5ff5d_1.tar.bz2#df7cf53feac344bb0b9f55b064cbdcb2
https://conda.anaconda.org/conda-forge/osx-64/pybind11-2.4.3-py37ha1cc60f_3.tar.bz2#1581554942dd2a882a44837707b89211
https://conda.anaconda.org/conda-forge/osx-64/pyrsistent-0.17.3-py37h271585c_2.tar.bz2#517d0f4408cdbfff73b684acd8f383ec
https://conda.anaconda.org/conda-forge/osx-64/pysocks-1.7.1-py37hf985489_3.tar.bz2#02bf224638f91b6b695fec5de6bbd860
https://conda.anaconda.org/conda-forge/noarch/python-dateutil-2.8.2-pyhd8ed1ab_0.tar.bz2#dd999d1cc9f79e67dbb855c8924c7984
https://conda.anaconda.org/conda-forge/osx-64/pyyaml-5.4.1-py37h271585c_1.tar.bz2#1c6010ae5d10ce79382abed496553ae2
https://conda.anaconda.org/conda-forge/osx-64/pyzmq-22.2.1-py37h8f778e5_0.tar.bz2#cc5d6f53a892eb26cb5af7e13a8dddf1
https://conda.anaconda.org/conda-forge/osx-64/setuptools-57.4.0-py37hf985489_0.tar.bz2#0b62b639ed4465fb0a3970194751d49b
https://conda.anaconda.org/conda-forge/osx-64/sniffio-1.2.0-py37hf985489_1.tar.bz2#d2624002903acd9b87e73b436b18c7fe
https://conda.anaconda.org/conda-forge/osx-64/tornado-6.1-py37h271585c_1.tar.bz2#f4f12c1487879c702e2dcf02de36aaac
https://conda.anaconda.org/conda-forge/noarch/traitlets-5.0.5-py_0.tar.bz2#99618ee9ab1323e40f231acdab92fe60
https://conda.anaconda.org/conda-forge/osx-64/websocket-client-0.57.0-py37hf985489_4.tar.bz2#b8d9e2ad187b18d0abd25441db9f4ac9
https://conda.anaconda.org/conda-forge/osx-64/anyio-3.3.0-py37hf985489_0.tar.bz2#f2291d9fe7a5896811ea340fdf2096be
https://conda.anaconda.org/conda-forge/osx-64/argon2-cffi-20.1.0-py37h271585c_2.tar.bz2#94c660be4d18f5038af33d65f6e4b13b
https://conda.anaconda.org/conda-forge/noarch/backports.functools_lru_cache-1.6.4-pyhd8ed1ab_0.tar.bz2#c5b3edc62d6309088f4970b3eaaa65a6
https://conda.anaconda.org/conda-forge/noarch/bleach-4.0.0-pyhd8ed1ab_0.tar.bz2#6b153c1c9e712f40e1f128476944996a
https://conda.anaconda.org/conda-forge/osx-64/brotlipy-0.7.0-py37h271585c_1001.tar.bz2#5c1d243f053931c9be18a1ca0aec419e
https://conda.anaconda.org/conda-forge/osx-64/cryptography-3.4.7-py37hce4a858_0.tar.bz2#3d8dba99e6bba580b947da6daf8b1d94
https://conda.anaconda.org/conda-forge/noarch/dask-core-2021.8.1-pyhd8ed1ab_0.tar.bz2#e42f775ec0e7b8ef9adc9384e0918345
https://conda.anaconda.org/conda-forge/noarch/importlib_metadata-4.6.4-hd8ed1ab_0.tar.bz2#27ed39c0be1e9f66bf1336d013db842f
https://conda.anaconda.org/conda-forge/noarch/jinja2-3.0.1-pyhd8ed1ab_0.tar.bz2#c647e77921fd3e245cdcc5b2d451a0f8
https://conda.anaconda.org/conda-forge/noarch/jsonschema-3.2.0-pyhd8ed1ab_3.tar.bz2#66125e28711d8ffc04a207a2b170316d
https://conda.anaconda.org/conda-forge/osx-64/jupyter_core-4.7.1-py37hf985489_0.tar.bz2#a49ae78b4a221744cca02dfed08a990f
https://conda.anaconda.org/conda-forge/osx-64/libcblas-3.8.0-14_openblas.tar.bz2#13b63079044bf57e429f4ee014b77d5d
https://conda.anaconda.org/conda-forge/osx-64/liblapack-3.8.0-14_openblas.tar.bz2#14fd39f1808bbdd24a337681b99c99d0
https://conda.anaconda.org/conda-forge/osx-64/libnetcdf-4.7.4-mpi_mpich_h4141d09_1.tar.bz2#b38a80e088f611fd555bf3296c0618a9
https://conda.anaconda.org/conda-forge/noarch/matplotlib-inline-0.1.2-pyhd8ed1ab_2.tar.bz2#0967e1db58b16e416464ca399f87df79
https://conda.anaconda.org/conda-forge/noarch/networkx-2.5-py_0.tar.bz2#d836ad8453c22192357707026ca21653
https://conda.anaconda.org/conda-forge/noarch/pip-21.2.4-pyhd8ed1ab_0.tar.bz2#4104ada314dd5639ea36cc12bce0a2cd
https://conda.anaconda.org/conda-forge/noarch/pygments-2.10.0-pyhd8ed1ab_0.tar.bz2#32bcce837f1316f1c3208118b6c5e5fc
https://conda.anaconda.org/conda-forge/osx-64/sympy-1.8-py37hf985489_0.tar.bz2#69fb38205d0a097e36a2cc83d1bedb01
https://conda.anaconda.org/conda-forge/osx-64/terminado-0.11.1-py37hf985489_0.tar.bz2#7ab59653666b807d4809ec7101fc6e54
https://conda.anaconda.org/conda-forge/noarch/argcomplete-1.12.3-pyhd8ed1ab_2.tar.bz2#b8152341fc3fc9880c6e1b9d188974e5
https://conda.anaconda.org/conda-forge/osx-64/hypre-2.18.2-hc9ba2bc_1.tar.bz2#07782be7867c4c12a5e7c3b245c1db1a
https://conda.anaconda.org/conda-forge/noarch/jupyter_client-6.1.12-pyhd8ed1ab_0.tar.bz2#f58b38ddb9f94fa3cafea4ba2b17f93b
https://conda.anaconda.org/conda-forge/noarch/jupyterlab_pygments-0.1.2-pyh9f0ad1d_0.tar.bz2#2cbd910890bb328e8959246a1e16fac7
https://conda.anaconda.org/conda-forge/noarch/nbformat-5.1.3-pyhd8ed1ab_0.tar.bz2#bafa5df6d4f8db69a4d197b4657127e7
https://conda.anaconda.org/conda-forge/osx-64/numpy-1.21.2-py37haefe36b_0.tar.bz2#31b2466e3763bf32651f26571e0f966f
https://conda.anaconda.org/conda-forge/noarch/pyopenssl-20.0.1-pyhd8ed1ab_0.tar.bz2#92371c25994d0f5d28a01c1fb75ebf86
https://conda.anaconda.org/conda-forge/osx-64/scalapack-2.0.2-hb7119d5_1009.tar.bz2#f6d74e8a23001c75f28b475ee30e25e8
https://conda.anaconda.org/conda-forge/osx-64/suitesparse-5.6.0-h0e59142_0.tar.bz2#49aad4f07783bec5cf116dfd32d3f99a
https://conda.anaconda.org/conda-forge/osx-64/superlu-5.2.2-h8e61ea7_0.tar.bz2#4764b770a094da4bcc1254b9029e2054
https://conda.anaconda.org/conda-forge/osx-64/vtk-8.2.0-py37h91d6c75_213.tar.bz2#81a164703aca11234f4b93480ab5bb17
https://conda.anaconda.org/conda-forge/noarch/wcwidth-0.2.5-pyh9f0ad1d_2.tar.bz2#5266fcd697043c59621fda522b3d78ee
https://conda.anaconda.org/conda-forge/osx-64/cftime-1.5.0-py37h238668a_0.tar.bz2#a45f6d03b65a9102279b3941aecb71ef
https://conda.anaconda.org/conda-forge/osx-64/fenics-dijitso-2019.1.0-py37hf985489_21.tar.bz2#8929bb86d2a0528cabbe59857c112d8c
https://conda.anaconda.org/conda-forge/osx-64/fenics-fiat-2019.1.0-py37hf985489_21.tar.bz2#8af0c0dacd6abaf671e62c784ce3acac
https://conda.anaconda.org/conda-forge/osx-64/fenics-ufl-2019.1.0-py37hf985489_21.tar.bz2#77a4cdc03498ec461fa3c7eebed6041a
https://conda.anaconda.org/conda-forge/osx-64/h5py-2.10.0-nompi_py37h106b333_102.tar.bz2#8fa08913638c541d3db8f3b2edbf1cbb
https://conda.anaconda.org/conda-forge/osx-64/imagecodecs-lite-2019.12.3-py37h37391d0_3.tar.bz2#5b1aa016ab9de817d4408dd343f9cc8d
https://conda.anaconda.org/conda-forge/noarch/imageio-2.9.0-py_0.tar.bz2#62ad9e579278e777d4abaa8c9312b6a7
https://conda.anaconda.org/conda-forge/osx-64/matplotlib-base-3.4.3-py37h3147e9e_0.tar.bz2#6fd7855b0d52c813c2049b6ae74f95d4
https://conda.anaconda.org/conda-forge/osx-64/mumps-mpi-5.2.1-hcf7f05f_6.tar.bz2#7614c28b5806b7799920e7162f11c823
https://conda.anaconda.org/conda-forge/noarch/nbclient-0.5.4-pyhd8ed1ab_0.tar.bz2#66ea0ea89e4f657a8b85fa5bdfce60ac
https://conda.anaconda.org/conda-forge/noarch/prompt-toolkit-3.0.19-pyha770c72_0.tar.bz2#d6db5e598611b7e81a3d38498174e6e8
https://conda.anaconda.org/conda-forge/noarch/pyevtk-1.4.1-pyh8a188c0_0.tar.bz2#78cd9abeb15a8129dd7b8aa79b3c3a31
https://conda.anaconda.org/conda-forge/osx-64/pywavelets-1.1.1-py37h37391d0_3.tar.bz2#1432c6ff1237725121ad82373480648c
https://conda.anaconda.org/conda-forge/osx-64/scipy-1.5.3-py37h04d6967_0.tar.bz2#66095208164c74a5a13cbeb686afa3fe
https://conda.anaconda.org/conda-forge/noarch/transforms3d-0.3.1-py_0.tar.bz2#6da5577349701747d4241472f18a9e76
https://conda.anaconda.org/conda-forge/noarch/urllib3-1.26.6-pyhd8ed1ab_0.tar.bz2#dea5b6d93cfbfbc2a253168ad05b3f89
https://conda.anaconda.org/conda-forge/osx-64/fenics-ffc-2019.1.0-py37hf985489_21.tar.bz2#d77c16b63d26385c459a453e604739b0
https://conda.anaconda.org/conda-forge/osx-64/ipython-7.26.0-py37h4c52d7d_0.tar.bz2#c10324aa05cf34a8e55f9749c2f8556b
https://conda.anaconda.org/conda-forge/osx-64/matplotlib-3.4.3-py37hf985489_0.tar.bz2#ad7a524a7320854206b3e4781f5e60e3
https://conda.anaconda.org/conda-forge/osx-64/nbconvert-6.1.0-py37hf985489_0.tar.bz2#3ea1d27528aff2bcd3c5d3096e55a45e
https://conda.anaconda.org/conda-forge/osx-64/netcdf4-1.5.3-mpi_mpich_py37hb599327_3.tar.bz2#1f1eef026949bd1e1ccca833df3717ed
https://conda.anaconda.org/conda-forge/osx-64/petsc-3.12.2-h6ceeb6d_2.tar.bz2#29aba2d2f517451137a004df37384f15
https://conda.anaconda.org/conda-forge/noarch/requests-2.26.0-pyhd8ed1ab_0.tar.bz2#0ed2ccbde6db9dd5789068eb7194463f
https://conda.anaconda.org/conda-forge/osx-64/scikit-umfpack-0.3.2-py37h27a8955_1004.tar.bz2#b267fdc34625662acb9d9ea581973516
https://conda.anaconda.org/conda-forge/noarch/tifffile-2020.6.3-py_0.tar.bz2#1fb771bb25b2eecbc73abf5143fa35bd
https://conda.anaconda.org/conda-forge/osx-64/ipykernel-6.2.0-py37h4c52d7d_0.tar.bz2#c7122346119b8544b38aac28d02990db
https://conda.anaconda.org/conda-forge/noarch/meshio-4.4.6-pyhd8ed1ab_0.tar.bz2#2dbacee1b852eb3b40cbd69de84c49a0
https://conda.anaconda.org/conda-forge/osx-64/petsc4py-3.12.0-py37h833b260_4.tar.bz2#e31446b017e82d40cdfcc580ae456452
https://conda.anaconda.org/conda-forge/noarch/pooch-1.5.1-pyhd8ed1ab_0.tar.bz2#75ed39bc4a6554e53e8e82702c7762be
https://conda.anaconda.org/conda-forge/noarch/requests-unixsocket-0.2.0-py_0.tar.bz2#1e94a233d2f2c81b2bf11bd43a515fbe
https://conda.anaconda.org/conda-forge/osx-64/slepc-3.12.1-hefb7033_2.tar.bz2#41ef32b9c9ddb0828725c53f45dcc771
https://conda.anaconda.org/conda-forge/osx-64/fenics-libdolfin-2019.1.0-h765d0ea_8.tar.bz2#54385990e2264d03341e5d46048d7c76
https://conda.anaconda.org/conda-forge/noarch/jupyter_server-1.10.2-pyhd8ed1ab_0.tar.bz2#135cf0c8641b737c56462c4ead895402
https://conda.anaconda.org/conda-forge/noarch/notebook-6.4.3-pyha770c72_0.tar.bz2#8839b1ff228b3f8ec735963b8eb9dec5
https://conda.anaconda.org/conda-forge/noarch/pyvista-0.31.3-pyhd8ed1ab_0.tar.bz2#9447b68bea5c204d50fcbc7cb1fe6939
https://conda.anaconda.org/conda-forge/osx-64/scikit-image-0.18.3-py37h5b83a90_0.tar.bz2#8726124b30f6ce1bcdd846157e9d8655
https://conda.anaconda.org/conda-forge/osx-64/slepc4py-3.12.0-py37h00bfe04_1.tar.bz2#4b7a087861861383ccf4de85a41453bc
https://conda.anaconda.org/conda-forge/osx-64/fenics-dolfin-2019.1.0-py37hb0736e2_8.tar.bz2#1d5283b5355148b08d2306c8d448268d
https://conda.anaconda.org/conda-forge/noarch/jupyterlab_server-2.7.2-pyhd8ed1ab_0.tar.bz2#ae33d7b5f820027928a44f870b695052
https://conda.anaconda.org/conda-forge/noarch/nbclassic-0.3.1-pyhd8ed1ab_1.tar.bz2#aa4f94da9fafb5b774493b26b631ad3f
https://conda.anaconda.org/conda-forge/osx-64/widgetsnbextension-3.5.1-py37hf985489_4.tar.bz2#6d710b69d390deed8dbf74c8b60e3f09
https://conda.anaconda.org/conda-forge/noarch/ipywidgets-7.6.3-pyhd3deb0d_0.tar.bz2#536a9ed6d9e740f2b83d1a3c388e4388
https://conda.anaconda.org/conda-forge/noarch/jupyterlab-3.1.8-pyhd8ed1ab_0.tar.bz2#e45e11d357e4bc204495ed77bf10e32f
https://conda.anaconda.org/conda-forge/noarch/ipycanvas-0.9.0-pyhd8ed1ab_0.tar.bz2#5554821dffdef93ec05ee2e9dae23380
https://conda.anaconda.org/conda-forge/noarch/ipyevents-2.0.1-pyhd8ed1ab_0.tar.bz2#dbf0d139d191847dbf1e6aebec3d23f6
https://conda.anaconda.org/conda-forge/noarch/ipympl-0.7.0-pyhd8ed1ab_0.tar.bz2#2ab6d9f0d8943fb66694748bbfae959b
https://conda.anaconda.org/conda-forge/noarch/ipyvtklink-0.2.1-pyhd8ed1ab_1.tar.bz2#0176ebd85fb77c95ef56d1674fba8a72
