# platform: linux-64
# env_hash: b49d3dd16e1c44bc9b525674bc59b9747c1b5f73ab4dd01246e8d0143f1834c1
@EXPLICIT
https://conda.anaconda.org/conda-forge/linux-64/_libgcc_mutex-0.1-conda_forge.tar.bz2#d7c89558ba9fa0495403155b64376d81
https://conda.anaconda.org/conda-forge/linux-64/ca-certificates-2021.5.30-ha878542_0.tar.bz2#6a777890e94194dc94a29a76d2a7e721
https://conda.anaconda.org/conda-forge/noarch/kernel-headers_linux-64-2.6.32-h77966d4_13.tar.bz2#182b3bbe97ca334be3ccb50b80810bb1
https://conda.anaconda.org/conda-forge/linux-64/ld_impl_linux-64-2.35.1-hea4e1c9_2.tar.bz2#83610dba766a186bdc7a116053b782a4
https://conda.anaconda.org/conda-forge/linux-64/libgcc-devel_linux-64-7.5.0-hda03d7c_19.tar.bz2#20e38f49c1940cd4ccda66c5a1894de2
https://conda.anaconda.org/conda-forge/linux-64/libgfortran4-7.5.0-h14aa051_19.tar.bz2#918ebd815b3d8c0491e65dd608e4b917
https://conda.anaconda.org/conda-forge/linux-64/libstdcxx-devel_linux-64-7.5.0-hb016644_19.tar.bz2#462749ec1523cb09d10ed01b471b58f7
https://conda.anaconda.org/conda-forge/linux-64/libstdcxx-ng-9.3.0-h6de172a_19.tar.bz2#cd9a24a8dde03ec0cf0e603b0bea85a1
https://conda.anaconda.org/conda-forge/linux-64/mpi-1.0-mpich.tar.bz2#c1fcff3417b5a22bbc4cf6e8c23648cf
https://conda.anaconda.org/conda-forge/linux-64/mumps-include-5.2.1-6.tar.bz2#baf7f91637df0196246cee3fbbec6dfe
https://conda.anaconda.org/conda-forge/linux-64/pandoc-2.14.0.2-h7f98852_0.tar.bz2#f5d45a9df49c200ad27231a753fe129f
https://conda.anaconda.org/conda-forge/linux-64/libgfortran-ng-7.5.0-h14aa051_19.tar.bz2#64e976fde4eeac460137f67f0645dd2a
https://conda.anaconda.org/conda-forge/linux-64/libgomp-9.3.0-h2828fa1_19.tar.bz2#ab0a307912033126da02507b59e79ec9
https://conda.anaconda.org/conda-forge/noarch/sysroot_linux-64-2.12-h77966d4_13.tar.bz2#e411486a18c4f61c59083c5792c1ce3b
https://conda.anaconda.org/conda-forge/linux-64/_openmp_mutex-4.5-1_gnu.tar.bz2#561e277319a41d4f24f5c05a9ef63c04
https://conda.anaconda.org/conda-forge/linux-64/binutils_impl_linux-64-2.35.1-h193b22a_2.tar.bz2#4eac07f5d3b8514051e514f8d5d11264
https://conda.anaconda.org/conda-forge/linux-64/binutils_linux-64-2.35-h67ddf6f_30.tar.bz2#99b3270216094c06bb0a96688035ded4
https://conda.anaconda.org/conda-forge/linux-64/libgcc-ng-9.3.0-h2828fa1_19.tar.bz2#9d5cdfc51476ee4dcdd96ed2dca3f943
https://conda.anaconda.org/conda-forge/linux-64/blosc-1.21.0-h9c3ff4c_0.tar.bz2#5e815e5126c6f7e34ab4496fa1b48dca
https://conda.anaconda.org/conda-forge/linux-64/brotli-1.0.9-h9c3ff4c_4.tar.bz2#f4f75dc7038aaeb6eaae16a5ef5350b3
https://conda.anaconda.org/conda-forge/linux-64/bzip2-1.0.8-h7f98852_4.tar.bz2#a1fd65c7ccbf10880423d82bca54eb54
https://conda.anaconda.org/conda-forge/linux-64/c-ares-1.17.1-h7f98852_1.tar.bz2#ed1dc233ed5e3eaa9bfbaac64d130c5e
https://conda.anaconda.org/conda-forge/linux-64/charls-2.2.0-h9c3ff4c_0.tar.bz2#bc0a1a5c99af57d2821914ab074797f9
https://conda.anaconda.org/conda-forge/linux-64/double-conversion-3.1.5-h9c3ff4c_2.tar.bz2#933cfc6739b21aa8c799b9a9e71f2bbe
https://conda.anaconda.org/conda-forge/linux-64/eigen-3.3.7-hc9558a2_1001.tar.bz2#3ee3468793e4b2c17e7e96699cc461de
https://conda.anaconda.org/conda-forge/linux-64/expat-2.4.1-h9c3ff4c_0.tar.bz2#16054ef3cb3ec5d8d29d08772662f65d
https://repo.anaconda.com/pkgs/main/linux-64/fftw-3.3.9-h27cfd23_1.conda#d266674fbd3345d45a69896e1bdef8be
https://conda.anaconda.org/conda-forge/linux-64/gcc_impl_linux-64-7.5.0-habd7529_19.tar.bz2#46d35532af08ff394da421b80437dfd2
https://conda.anaconda.org/conda-forge/linux-64/giflib-5.2.1-h36c2ea0_2.tar.bz2#626e68ae9cc5912d6adb79d318cf962d
https://conda.anaconda.org/conda-forge/linux-64/gmp-6.2.1-h58526e2_0.tar.bz2#b94cf2db16066b242ebd26db2facbd56
https://conda.anaconda.org/conda-forge/linux-64/icu-64.2-he1b5a44_1.tar.bz2#8e881214a23508f1541eb7a3135d6fcb
https://conda.anaconda.org/conda-forge/linux-64/jpeg-9d-h36c2ea0_0.tar.bz2#ea02ce6037dbe81803ae6123e5ba1568
https://conda.anaconda.org/conda-forge/linux-64/jsoncpp-1.8.4-hc9558a2_1002.tar.bz2#537e534c07b09a7409e71934878d25fd
https://conda.anaconda.org/conda-forge/linux-64/jxrlib-1.1-h7f98852_2.tar.bz2#8e787b08fe19986d99d034b839df2961
https://conda.anaconda.org/conda-forge/linux-64/lerc-2.2.1-h9c3ff4c_0.tar.bz2#ea833dcaeb9e7ac4fac521f1a7abec82
https://conda.anaconda.org/conda-forge/linux-64/libaec-1.0.5-h9c3ff4c_0.tar.bz2#11edda2c5e2f8910bb7e9bc2bc24f4ba
https://conda.anaconda.org/conda-forge/linux-64/libdeflate-1.7-h7f98852_5.tar.bz2#10e242842cd30c59c12d79371dc0f583
https://conda.anaconda.org/conda-forge/linux-64/libev-4.33-h516909a_1.tar.bz2#6f8720dff19e17ce5d48cfe7f3d2f0a3
https://conda.anaconda.org/conda-forge/linux-64/libffi-3.2.1-he1b5a44_1007.tar.bz2#11389072d7d6036fd811c3d9460475cd
https://conda.anaconda.org/conda-forge/linux-64/libglu-9.0.0-he1b5a44_1001.tar.bz2#8208602aec4826053c116552369a394c
https://conda.anaconda.org/conda-forge/linux-64/libiconv-1.16-h516909a_0.tar.bz2#5c0f338a513a2943c659ae619fca9211
https://conda.anaconda.org/conda-forge/linux-64/libogg-1.3.4-h7f98852_1.tar.bz2#6e8cc2173440d77708196c5b93771680
https://conda.anaconda.org/conda-forge/linux-64/libopenblas-0.3.7-h5ec1e0e_6.tar.bz2#c0c88e00ceb918b27fdebd537ede738c
https://conda.anaconda.org/conda-forge/linux-64/libsodium-1.0.18-h36c2ea0_1.tar.bz2#c3788462a6fbddafdb413a9f9053e58d
https://conda.anaconda.org/conda-forge/linux-64/libuuid-2.32.1-h7f98852_1000.tar.bz2#772d69f030955d9646d3d0eaf21d859d
https://conda.anaconda.org/conda-forge/linux-64/libuv-1.41.0-h7f98852_0.tar.bz2#808b41ebae1d9bd4aa8ffbc365d468c6
https://conda.anaconda.org/conda-forge/linux-64/libwebp-base-1.2.0-h7f98852_2.tar.bz2#fb63a035a3b552c88a30d84b89ebf4c4
https://conda.anaconda.org/conda-forge/linux-64/libxkbcommon-0.10.0-he1b5a44_0.tar.bz2#78ccac2098edcd3673af2ceb3e95f932
https://conda.anaconda.org/conda-forge/linux-64/libzopfli-1.0.3-h9c3ff4c_0.tar.bz2#c66fe2d123249af7651ebde8984c51c2
https://conda.anaconda.org/conda-forge/linux-64/llvm-openmp-8.0.1-hc9558a2_0.tar.bz2#67590caab043d6d7ffc371f9cced7848
https://conda.anaconda.org/conda-forge/linux-64/lz4-c-1.9.2-he1b5a44_3.tar.bz2#b2e54aad8640e7a877d2280d3ebfe85b
https://conda.anaconda.org/conda-forge/linux-64/metis-5.1.0-h58526e2_1006.tar.bz2#d099b812378b1e133c12e3b75167d83a
https://conda.anaconda.org/conda-forge/linux-64/mpich-3.3.2-h846660c_5.tar.bz2#c4111e3b266aa12eda8e130ab054de51
https://conda.anaconda.org/conda-forge/linux-64/ncurses-6.2-h58526e2_4.tar.bz2#509f2a21c4a09214cd737a480dfd80c9
https://conda.anaconda.org/conda-forge/linux-64/nspr-4.30-h9c3ff4c_0.tar.bz2#e6dc1f8f6e0bcebe8e3d8a5bca258dbe
https://conda.anaconda.org/conda-forge/linux-64/openssl-1.1.1k-h7f98852_0.tar.bz2#07fae2cb088379c8441e0f3ffa1f4025
https://conda.anaconda.org/conda-forge/linux-64/pcre-8.45-h9c3ff4c_0.tar.bz2#c05d1820a6d34ff07aaaab7a9b7eddaa
https://conda.anaconda.org/conda-forge/linux-64/pkg-config-0.29.2-h36c2ea0_1008.tar.bz2#fbef41ff6a4c8140c30057466a1cdd47
https://conda.anaconda.org/conda-forge/linux-64/pthread-stubs-0.4-h36c2ea0_1001.tar.bz2#22dad4df6e8630e8dff2428f6f6a7036
https://conda.anaconda.org/conda-forge/linux-64/pugixml-1.10-he1b5a44_1.tar.bz2#ee18f3c361ae75fa1236da484c064576
https://conda.anaconda.org/conda-forge/linux-64/rhash-1.4.1-h7f98852_0.tar.bz2#950d61884fdd45bfa8bbe479bb38cc18
https://conda.anaconda.org/conda-forge/linux-64/snappy-1.1.8-he1b5a44_3.tar.bz2#83f1dc295c711bdbaf97e1f3bedf2f52
https://conda.anaconda.org/conda-forge/linux-64/tbb-2020.2-h4bd325d_4.tar.bz2#850df84d9b8261b73102a8fce99f820f
https://conda.anaconda.org/conda-forge/linux-64/xorg-kbproto-1.0.7-h7f98852_1002.tar.bz2#4b230e8381279d76131116660f5a241a
https://conda.anaconda.org/conda-forge/linux-64/xorg-libxau-1.0.9-h7f98852_0.tar.bz2#bf6f803a544f26ebbdc3bfff272eb179
https://conda.anaconda.org/conda-forge/linux-64/xorg-libxdmcp-1.1.3-h7f98852_0.tar.bz2#be93aabceefa2fac576e971aef407908
https://conda.anaconda.org/conda-forge/linux-64/xorg-xextproto-7.3.0-h7f98852_1002.tar.bz2#1e15f6ad85a7d743a2ac68dae6c82b98
https://conda.anaconda.org/conda-forge/linux-64/xorg-xproto-7.0.31-h7f98852_1007.tar.bz2#b4a4381d54784606820704f7b5f05a15
https://conda.anaconda.org/conda-forge/linux-64/xz-5.2.5-h516909a_1.tar.bz2#33f601066901f3e1a85af3522a8113f9
https://conda.anaconda.org/conda-forge/linux-64/yaml-0.2.5-h516909a_0.tar.bz2#03a530e925414902547cf48da7756db8
https://conda.anaconda.org/conda-forge/linux-64/zfp-0.5.5-h9c3ff4c_5.tar.bz2#a48a43fdc002f68cbc17b44681a02d42
https://conda.anaconda.org/conda-forge/linux-64/zlib-1.2.11-h516909a_1010.tar.bz2#339cc5584e6d26bc73a875ba900028c3
https://conda.anaconda.org/conda-forge/linux-64/boost-cpp-1.72.0-h8e57a91_0.tar.bz2#133a674da10caef4af883eaff85fd9a5
https://conda.anaconda.org/conda-forge/linux-64/brunsli-0.1-h9c3ff4c_0.tar.bz2#c1ac6229d0bfd14f8354ff9ad2a26cad
https://conda.anaconda.org/conda-forge/linux-64/gcc_linux-64-7.5.0-h47867f9_30.tar.bz2#736a67aee333c359de9f1f9fa77b6709
https://conda.anaconda.org/conda-forge/linux-64/gettext-0.19.8.1-hf34092f_1004.tar.bz2#5582e1349bee4a25705adca745bf6845
https://conda.anaconda.org/conda-forge/linux-64/gxx_impl_linux-64-7.5.0-hd0bb8aa_19.tar.bz2#b4f7af48540ae891190ee3c695483133
https://conda.anaconda.org/conda-forge/linux-64/hdf4-4.2.15-h10796ff_3.tar.bz2#21a8d66dc17f065023b33145c42652fe
https://conda.anaconda.org/conda-forge/linux-64/libblas-3.8.0-14_openblas.tar.bz2#b805db851a8d441907ac8f4250077ffe
https://conda.anaconda.org/conda-forge/linux-64/libedit-3.1.20191231-he28a2e2_2.tar.bz2#4d331e44109e3f0e19b4cb8f9b82f3e1
https://conda.anaconda.org/conda-forge/linux-64/libllvm9-9.0.1-hf817b99_2.tar.bz2#624afc1fc8a84409fd607fb4082de00b
https://conda.anaconda.org/conda-forge/linux-64/libnghttp2-1.43.0-h812cca2_0.tar.bz2#1867d1e9658596b3fac8847a7702eef4
https://conda.anaconda.org/conda-forge/linux-64/libpng-1.6.37-h21135ba_2.tar.bz2#b6acf807307d033d4b7e758b4f44b036
https://conda.anaconda.org/conda-forge/linux-64/libprotobuf-3.12.4-h8b12597_0.tar.bz2#16e2e7641adac5b1e5dedc9b0cb48327
https://conda.anaconda.org/conda-forge/linux-64/libssh2-1.9.0-ha56f1ee_6.tar.bz2#f0dfb86444df325e599dbc3f4c0a3f5b
https://conda.anaconda.org/conda-forge/linux-64/libvorbis-1.3.7-h9c3ff4c_0.tar.bz2#309dec04b70a3cc0f1e84a4013683bc0
https://conda.anaconda.org/conda-forge/linux-64/libxcb-1.13-h7f98852_1003.tar.bz2#a9371e9e40aded194dcba1447606c9a1
https://conda.anaconda.org/conda-forge/linux-64/libxml2-2.9.10-hee79883_0.tar.bz2#0217b0926808b1adf93247bba489d733
https://conda.anaconda.org/conda-forge/linux-64/mpfr-4.0.2-he80fd80_1.tar.bz2#36b97844b2c0121c7913c64313f985f0
https://conda.anaconda.org/conda-forge/linux-64/openmp-8.0.1-0.tar.bz2#b35241079152e5cc891c99368395b2c6
https://conda.anaconda.org/conda-forge/linux-64/parmetis-4.0.3-h9f7b9cf_1005.tar.bz2#f08efd10270e3f81fe82ce47c96ce732
https://conda.anaconda.org/conda-forge/linux-64/readline-7.0-hf8c457e_1001.tar.bz2#ba9f8093574f89e5efc3e775ecc0d7d8
https://conda.anaconda.org/conda-forge/linux-64/scotch-6.0.8-h0eec0ba_1.tar.bz2#463cbab5a98b7cb86fe8de5aeb552f19
https://conda.anaconda.org/conda-forge/linux-64/swig-4.0.2-hd3c618e_2.tar.bz2#9f7f2e8da6b6696430de9843884e8aa2
https://conda.anaconda.org/conda-forge/linux-64/tk-8.6.10-h21135ba_1.tar.bz2#c647f70aa7e3d4cc4e029cc1c9a99953
https://conda.anaconda.org/conda-forge/linux-64/zeromq-4.3.4-h9c3ff4c_0.tar.bz2#9105c7da67ebfb39ff08e2a8ea72bb71
https://conda.anaconda.org/conda-forge/linux-64/zstd-1.4.8-hdf46e1d_0.tar.bz2#9e4943915c2bc43144da348d0c1b1e6b
https://conda.anaconda.org/conda-forge/linux-64/freetype-2.10.4-h0708190_1.tar.bz2#4a06f2ac2e5bfae7b6b245171c3f07aa
https://conda.anaconda.org/conda-forge/linux-64/gl2ps-1.4.2-h0708190_0.tar.bz2#438718bf8921ac70956d919d0e2cc487
https://conda.anaconda.org/conda-forge/linux-64/gxx_linux-64-7.5.0-h555fc39_30.tar.bz2#2c0979239a203c65baf9ea7b424165e8
https://conda.anaconda.org/conda-forge/linux-64/krb5-1.19.1-hcc1bbae_0.tar.bz2#59b0695a515a6c54d45463dbf208ae38
https://conda.anaconda.org/conda-forge/linux-64/libcblas-3.8.0-14_openblas.tar.bz2#fbad032003d5b0bffa1f6427e81f38e9
https://conda.anaconda.org/conda-forge/linux-64/libclang-9.0.1-default_ha53f305_1.tar.bz2#cfa8e81d9d8c2861f56fb6461d6478b6
https://conda.anaconda.org/conda-forge/linux-64/libglib-2.66.3-hbe7bbb4_0.tar.bz2#d5a09a9e981849b751cb75656b7302a0
https://conda.anaconda.org/conda-forge/linux-64/liblapack-3.8.0-14_openblas.tar.bz2#9e33d87d5622eb02f13ef33989965a3d
https://conda.anaconda.org/conda-forge/linux-64/libtheora-1.1.1-h7f98852_1005.tar.bz2#1a7c35f56343b7e9e8db20b296c7566c
https://conda.anaconda.org/conda-forge/linux-64/libtiff-4.2.0-hdc55705_0.tar.bz2#f1406324f1d02fa26447a0a0f2dd0107
https://conda.anaconda.org/conda-forge/linux-64/mpc-1.1.0-h04dde30_1009.tar.bz2#04a83b86c244fd8fe557a24e50b0028e
https://conda.anaconda.org/conda-forge/linux-64/ptscotch-6.0.8-he9f2703_1.tar.bz2#f9d305bedfd1aa7bb07a555a9d80c868
https://repo.anaconda.com/pkgs/main/linux-64/sqlite-3.33.0-h62c20be_0.conda#c4d7dd5cb9eca27fdf96764c1f706cb5
https://conda.anaconda.org/conda-forge/linux-64/xorg-libx11-1.7.2-h7f98852_0.tar.bz2#12a61e640b8894504326aadafccbb790
https://conda.anaconda.org/conda-forge/linux-64/fontconfig-2.13.1-hba837de_1005.tar.bz2#fd3611672eb91bc9d24fd6fb970037eb
https://conda.anaconda.org/conda-forge/linux-64/hypre-2.18.2-hc98498a_1.tar.bz2#cd28e15f1af0eb05d01e1c675dc894c0
https://conda.anaconda.org/conda-forge/linux-64/lcms2-2.12-hddcbb42_0.tar.bz2#797117394a4aa588de6d741b06fad80f
https://conda.anaconda.org/conda-forge/linux-64/libcurl-7.77.0-h2574ce0_0.tar.bz2#05cf8dca8408b5f1ffcc5e2d5a7c5da2
https://conda.anaconda.org/conda-forge/linux-64/liblapacke-3.8.0-14_openblas.tar.bz2#5ac8819b7c9b633b226d9d6e07a90329
https://conda.anaconda.org/conda-forge/linux-64/nss-3.59-h2c00c37_0.tar.bz2#3b3b61a1c906531351be7a4bccda218f
https://conda.anaconda.org/conda-forge/linux-64/openjpeg-2.4.0-hb52868f_1.tar.bz2#b7ad78ad2e9ee155f59e6428406ee824
https://repo.anaconda.com/pkgs/main/linux-64/python-3.7.4-h265db76_1.conda#05f5f232f6c0193b775f10fd9e5fe4b1
https://conda.anaconda.org/conda-forge/linux-64/scalapack-2.0.2-hfacbc1e_1009.tar.bz2#e840065312c4a40b86eb21c9c4af3b08
https://conda.anaconda.org/conda-forge/linux-64/suitesparse-5.6.0-h717dc36_0.tar.bz2#d1592ce2e333ff3831e86b36c1e3cc32
https://conda.anaconda.org/conda-forge/linux-64/superlu-5.2.2-hfe2efc7_0.tar.bz2#57d5522c00a5c7558dcd091f10e68e83
https://conda.anaconda.org/conda-forge/linux-64/superlu_dist-6.2.0-h050a5a1_4.tar.bz2#5bc3d2cda8e3c73c1249f2b4dc0e45df
https://conda.anaconda.org/conda-forge/linux-64/xorg-libxext-1.3.4-h7f98852_1.tar.bz2#536cc5db4d0a3ba0630541aec064b5e4
https://conda.anaconda.org/conda-forge/noarch/async_generator-1.10-py_0.tar.bz2#d56c596e61b1c4952acf0a9920856c12
https://conda.anaconda.org/conda-forge/noarch/attrs-21.2.0-pyhd8ed1ab_0.tar.bz2#d2e1c7f388ac403df7079b411c37cc50
https://conda.anaconda.org/conda-forge/noarch/backcall-0.2.0-pyh9f0ad1d_0.tar.bz2#6006a6d08a3fa99268a2681c7fb55213
https://conda.anaconda.org/conda-forge/noarch/backports-1.0-py_2.tar.bz2#0da16b293affa6ac31812376f8eb79dd
https://conda.anaconda.org/conda-forge/linux-64/blas-2.14-openblas.tar.bz2#b5f2c1e35d13423ec18571c61085fd52
https://conda.anaconda.org/conda-forge/noarch/cloudpickle-1.6.0-py_0.tar.bz2#76d764d8881719e305f6fa368dc2b65e
https://conda.anaconda.org/conda-forge/noarch/constantly-15.1.0-py_0.tar.bz2#6cc019fc01a1e9ea7eb0bfccfc6c9d2d
https://conda.anaconda.org/conda-forge/linux-64/curl-7.77.0-hea6ffbf_0.tar.bz2#7d1168349d6fba67ae1fdf61970b83e1
https://conda.anaconda.org/conda-forge/noarch/decorator-5.0.9-pyhd8ed1ab_0.tar.bz2#0ae9cca42e37b5ce6267c2a2b1383546
https://conda.anaconda.org/conda-forge/noarch/defusedxml-0.7.1-pyhd8ed1ab_0.tar.bz2#961b3a227b437d82ad7054484cfa71b2
https://conda.anaconda.org/conda-forge/noarch/entrypoints-0.3-pyhd8ed1ab_1003.tar.bz2#bbf9a201f6ce99a506f4955374d9a9f4
https://conda.anaconda.org/conda-forge/noarch/fsspec-2021.6.0-pyhd8ed1ab_0.tar.bz2#2568dbadce6148e58a9148de2c16a042
https://conda.anaconda.org/conda-forge/linux-64/glew-2.1.0-h9c3ff4c_2.tar.bz2#fb05eb5c47590b247658243d27fc32f1
https://conda.anaconda.org/conda-forge/linux-64/glib-2.66.3-h58526e2_0.tar.bz2#62c2e5c84f6cdc7ded2307ef9c30dc8c
https://conda.anaconda.org/conda-forge/linux-64/hdf5-1.10.6-mpi_mpich_hc41e3f9_1011.tar.bz2#b5d249f4f70ee48fcee6f30d08ae9d68
https://conda.anaconda.org/conda-forge/noarch/idna-2.10-pyh9f0ad1d_0.tar.bz2#f95a12b4f435aae6680fe55ae2eb1b06
https://conda.anaconda.org/conda-forge/noarch/incremental-21.3.0-pyhd8ed1ab_0.tar.bz2#14fd665582bf1c52eeeb629ad9cfe99e
https://conda.anaconda.org/conda-forge/noarch/ipython_genutils-0.2.0-py_1.tar.bz2#5071c982548b3a20caf70462f04f5287
https://conda.anaconda.org/conda-forge/noarch/json5-0.9.5-pyh9f0ad1d_0.tar.bz2#10759827a94e6b14996e81fb002c0bda
https://conda.anaconda.org/conda-forge/noarch/jupyterlab_widgets-1.0.0-pyhd8ed1ab_1.tar.bz2#f8da92114c8fbe1d951b0efaf54dd14b
https://conda.anaconda.org/conda-forge/noarch/locket-0.2.0-py_2.tar.bz2#709e8671651c7ec3d1ad07800339ff1d
https://conda.anaconda.org/conda-forge/noarch/mpmath-1.2.1-pyhd8ed1ab_0.tar.bz2#9b06ebbd24f7c60ba5a29117c528514e
https://conda.anaconda.org/conda-forge/linux-64/mumps-mpi-5.2.1-h645f208_6.tar.bz2#3c40a9f7640cc2f2a3284c961eb4cfe5
https://conda.anaconda.org/conda-forge/noarch/nest-asyncio-1.5.1-pyhd8ed1ab_0.tar.bz2#47a51a5b8f9cc41004c8d7bd88b62447
https://conda.anaconda.org/conda-forge/noarch/olefile-0.46-pyh9f0ad1d_1.tar.bz2#0b2e68acc8c78c8cc392b90983481f58
https://conda.anaconda.org/conda-forge/noarch/pandocfilters-1.4.2-py_1.tar.bz2#ba6f4a308f1ea22abe1d72e72544af76
https://conda.anaconda.org/conda-forge/noarch/parso-0.8.2-pyhd8ed1ab_0.tar.bz2#fb40b157bd62b457a1cc82527b63f0b0
https://conda.anaconda.org/conda-forge/noarch/pickleshare-0.7.5-py_1003.tar.bz2#415f0ebb6198cc2801c73438a9fb5761
https://conda.anaconda.org/conda-forge/noarch/prometheus_client-0.11.0-pyhd8ed1ab_0.tar.bz2#01f530bf82d9f589c2087b8c347d5e29
https://conda.anaconda.org/conda-forge/noarch/ptyprocess-0.7.0-pyhd3deb0d_0.tar.bz2#359eeb6536da0e687af562ed265ec263
https://conda.anaconda.org/conda-forge/noarch/pyasn1-0.4.8-py_0.tar.bz2#06d04c9f8f72ac77911db942eda24fb9
https://conda.anaconda.org/conda-forge/noarch/pycparser-2.20-pyh9f0ad1d_2.tar.bz2#aa798d50ffd182a0f6f31478c7f434f6
https://conda.anaconda.org/conda-forge/noarch/pyhamcrest-2.0.2-py_0.tar.bz2#008bcb771d03dcd79b3585fa483d144f
https://conda.anaconda.org/conda-forge/noarch/pyopengl-3.1.5-py_0.tar.bz2#7edb86c4a7cdec2118f570f45da17957
https://conda.anaconda.org/conda-forge/noarch/pyparsing-2.4.7-pyh9f0ad1d_0.tar.bz2#626c4f20d5bf06dcec9cf2eaa31725c7
https://conda.anaconda.org/conda-forge/linux-64/python_abi-3.7-1_cp37m.tar.bz2#658a5c3d766bfc6574480204b10a6f20
https://conda.anaconda.org/conda-forge/noarch/send2trash-1.5.0-py_0.tar.bz2#c3779037a635e1150f1c53c28b875949
https://conda.anaconda.org/conda-forge/noarch/six-1.16.0-pyh6c4a22f_0.tar.bz2#e5f25f8dbc060e9a8d912e432202afc2
https://conda.anaconda.org/conda-forge/noarch/testpath-0.5.0-pyhd8ed1ab_0.tar.bz2#53b57d6a468bebc7cef1253b177a5e9e
https://conda.anaconda.org/conda-forge/noarch/toolz-0.11.1-py_0.tar.bz2#d1e66b58cb00b3817ad9f05eec098c00
https://conda.anaconda.org/conda-forge/noarch/typing_extensions-3.10.0.0-pyha770c72_0.tar.bz2#67c0cba6533b641f28946d7c16f361c8
https://conda.anaconda.org/conda-forge/noarch/webencodings-0.5.1-py_1.tar.bz2#3563be4c5611a44210d9ba0c16113136
https://conda.anaconda.org/conda-forge/noarch/wheel-0.36.2-pyhd3deb0d_0.tar.bz2#768bfbe026426d0e76b377997d1f2b98
https://conda.anaconda.org/conda-forge/noarch/zipp-3.4.1-pyhd8ed1ab_0.tar.bz2#a4fa30eb74a326092b3d8078b1f1aae1
https://conda.anaconda.org/conda-forge/noarch/automat-20.2.0-py_0.tar.bz2#0931a4f6f2a28ab4af8316027142a295
https://conda.anaconda.org/conda-forge/linux-64/certifi-2021.5.30-py37h89c1867_0.tar.bz2#105f18ae8597a5f4d4e3188bcb06c796
https://conda.anaconda.org/conda-forge/linux-64/cffi-1.14.4-py37h11fe52a_0.tar.bz2#2640988a30e6b84da411402a8cdeb9f6
https://conda.anaconda.org/conda-forge/linux-64/cgns-4.1.2-hf54d351_0.tar.bz2#a2e85844411be254997e8c0208a16d3e
https://conda.anaconda.org/conda-forge/linux-64/chardet-4.0.0-py37h89c1867_1.tar.bz2#f4fbd4721b80f0d6b53b3a3374914068
https://conda.anaconda.org/conda-forge/linux-64/cmake-3.14.0-hf94ab9c_0.tar.bz2#23ab6052e4bb6780b0466aba74a5a65a
https://conda.anaconda.org/conda-forge/noarch/cycler-0.10.0-py_2.tar.bz2#f6d7c7e6d8f42cbbec7e07a8d879f91c
https://conda.anaconda.org/conda-forge/linux-64/cython-0.29.22-py37hcd2ae1e_0.tar.bz2#aa84cebadc6e8b64073536e65c5580b3
https://conda.anaconda.org/conda-forge/linux-64/cytoolz-0.11.0-py37h5e8e339_3.tar.bz2#2e89a6f3baf5eeb13763f61ea3d0601f
https://conda.anaconda.org/conda-forge/linux-64/dbus-1.13.6-hfdff14a_1.tar.bz2#4caaca6356992ee545080c7d7193b5a3
https://conda.anaconda.org/conda-forge/linux-64/gmpy2-2.1.0b5-py37h025e8b9_0.tar.bz2#fa4d28439beb0a3d44ca6cfe3b7150a9
https://conda.anaconda.org/conda-forge/linux-64/gstreamer-1.14.5-h36ae1b5_2.tar.bz2#00084ab2657be5bf0ba0757ccde797ef
https://conda.anaconda.org/conda-forge/noarch/hyperlink-21.0.0-pyhd3deb0d_0.tar.bz2#1303beb57b40f8f4ff6fb1bb23bf0553
https://conda.anaconda.org/conda-forge/linux-64/importlib-metadata-4.5.0-py37h89c1867_0.tar.bz2#71a9d20403f28d15f7a94d0817584efa
https://conda.anaconda.org/conda-forge/linux-64/jedi-0.18.0-py37h89c1867_2.tar.bz2#5e95b453f199caec4dd1bf6002ae0ce2
https://conda.anaconda.org/conda-forge/linux-64/kiwisolver-1.3.1-py37h2527ec5_1.tar.bz2#61149814e0ea71cb5b44881c65d25f7b
https://conda.anaconda.org/conda-forge/linux-64/libnetcdf-4.7.4-mpi_mpich_hdef422e_7.tar.bz2#7e1544ceea2c644e23140f2bb0b4c48e
https://conda.anaconda.org/conda-forge/linux-64/markupsafe-2.0.1-py37h5e8e339_0.tar.bz2#90ad307f6997784664de956e09ec689e
https://conda.anaconda.org/conda-forge/linux-64/mistune-0.8.4-py37h5e8e339_1003.tar.bz2#6a636219f0f50dab2c327237e95f98c7
https://conda.anaconda.org/conda-forge/linux-64/mpi4py-3.0.3-py37h1e5cb63_4.tar.bz2#2292830b8591be8756a0afed9989c18a
https://conda.anaconda.org/conda-forge/linux-64/numpy-1.16.6-py37haa41c4c_0.tar.bz2#64442e4c6d03ebda3625280c972e4131
https://conda.anaconda.org/conda-forge/noarch/packaging-20.9-pyh44b312d_0.tar.bz2#be69a38e912054a62dc82cc3c7711a64
https://conda.anaconda.org/conda-forge/noarch/partd-1.2.0-pyhd8ed1ab_0.tar.bz2#0c32f563d7f22e3a34c95cad8cc95651
https://conda.anaconda.org/conda-forge/linux-64/petsc-3.12.4-h432f2ec_0.tar.bz2#569c20ce44ec3c3b0210b471a3a07d3d
https://conda.anaconda.org/conda-forge/noarch/pexpect-4.8.0-pyh9f0ad1d_2.tar.bz2#5909e7b978141dd80d28dbf9de627827
https://conda.anaconda.org/conda-forge/linux-64/pillow-8.2.0-py37h4600e1f_1.tar.bz2#8998270d7ebbb22261ab440176d3a5cf
https://conda.anaconda.org/conda-forge/linux-64/pkgconfig-1.5.4-py37h89c1867_0.tar.bz2#65ab4f1cd8d9f3e5f8a8e23e16f9c59e
https://conda.anaconda.org/conda-forge/noarch/pyasn1-modules-0.2.7-py_0.tar.bz2#ad1e886d09700b2304975335f714bd9c
https://conda.anaconda.org/conda-forge/linux-64/pybind11-2.5.0-py37h99015e2_1.tar.bz2#ee38f01479a3ac4df7303beec5065857
https://conda.anaconda.org/conda-forge/linux-64/pyrsistent-0.17.3-py37h5e8e339_2.tar.bz2#829e0a0279d711a7b5aa67fe18c73672
https://conda.anaconda.org/conda-forge/linux-64/pysocks-1.7.1-py37h89c1867_3.tar.bz2#bd069d59ee91a2e26552cd7bb4c64032
https://conda.anaconda.org/conda-forge/noarch/python-dateutil-2.8.1-py_0.tar.bz2#0d0150ed9c2d25817f5324108d3f7571
https://conda.anaconda.org/conda-forge/linux-64/pyyaml-5.4.1-py37h5e8e339_0.tar.bz2#090550b9425fe9a87dc1ec7fde201633
https://conda.anaconda.org/conda-forge/linux-64/pyzmq-22.1.0-py37h336d617_0.tar.bz2#fae1bd8b2bcd8b47cb61b4bfc87c7fb5
https://conda.anaconda.org/conda-forge/linux-64/tornado-6.1-py37h5e8e339_1.tar.bz2#92449128c4639feae48d731ef2186099
https://conda.anaconda.org/conda-forge/noarch/traitlets-5.0.5-py_0.tar.bz2#99618ee9ab1323e40f231acdab92fe60
https://conda.anaconda.org/conda-forge/linux-64/argon2-cffi-20.1.0-py37h5e8e339_2.tar.bz2#5403470dcc6211e0ad72077616e2519d
https://conda.anaconda.org/conda-forge/linux-64/brotlipy-0.7.0-py37h5e8e339_1001.tar.bz2#871eed4ba322e7b3f200956a096b34e7
https://conda.anaconda.org/conda-forge/linux-64/cryptography-3.4.7-py37h5d9358c_0.tar.bz2#d811fb6a96ae0cf8c0a17457a8e67ff4
https://conda.anaconda.org/conda-forge/noarch/dask-core-2021.6.0-pyhd8ed1ab_0.tar.bz2#cea7be7ed76c4664498447ef35d2268c
https://conda.anaconda.org/conda-forge/linux-64/gst-plugins-base-1.14.5-h0935bb2_2.tar.bz2#eb125ee86480e00a4a1ed45a577c3311
https://conda.anaconda.org/conda-forge/linux-64/imagecodecs-2021.1.11-py37h70f1e17_0.tar.bz2#d0fb924aff5fafb9a5f4f634507db0cc
https://conda.anaconda.org/conda-forge/noarch/imageio-2.9.0-py_0.tar.bz2#62ad9e579278e777d4abaa8c9312b6a7
https://conda.anaconda.org/conda-forge/noarch/jinja2-3.0.1-pyhd8ed1ab_0.tar.bz2#c647e77921fd3e245cdcc5b2d451a0f8
https://conda.anaconda.org/conda-forge/linux-64/jupyter_core-4.7.1-py37h89c1867_0.tar.bz2#42202575ecb1cc9491d57a4ad25f14bb
https://conda.anaconda.org/conda-forge/noarch/matplotlib-inline-0.1.2-pyhd8ed1ab_2.tar.bz2#0967e1db58b16e416464ca399f87df79
https://conda.anaconda.org/conda-forge/linux-64/petsc4py-3.12.0-py37h30bdb2a_4.tar.bz2#e3c79600c3484270fe1b3db1a0786db1
https://conda.anaconda.org/conda-forge/noarch/pyevtk-1.2.0-pyh050c7b8_0.tar.bz2#d9fc1f22512d856ca0a8c4478d2e3845
https://conda.anaconda.org/conda-forge/linux-64/pywavelets-1.1.1-py37h902c9e0_3.tar.bz2#104648a5a091a493046a62704eef5c49
https://repo.anaconda.com/pkgs/main/linux-64/scipy-1.6.2-py37hf56f3a7_1.conda#2f177d935c56763b8a36023cb3da3d5b
https://conda.anaconda.org/conda-forge/linux-64/setuptools-49.6.0-py37h89c1867_3.tar.bz2#928c178bf6805b8ab71fabaa620e0234
https://conda.anaconda.org/conda-forge/linux-64/slepc-3.12.2-h76dbdef_0.tar.bz2#e518f1936671157e0193da59038158b8
https://conda.anaconda.org/conda-forge/linux-64/sympy-1.8-py37h89c1867_0.tar.bz2#8bc910daa625a591c8a21310f254bf38
https://conda.anaconda.org/conda-forge/linux-64/terminado-0.10.1-py37h89c1867_0.tar.bz2#182ccdeb7ee3fffc8c1d9a8e0224c290
https://repo.anaconda.com/pkgs/main/noarch/visvis-1.13.0-pyhd3eb1b0_0.conda#692604438770c923b5414239870a09bb
https://conda.anaconda.org/conda-forge/noarch/backports.functools_lru_cache-1.6.4-pyhd8ed1ab_0.tar.bz2#c5b3edc62d6309088f4970b3eaaa65a6
https://conda.anaconda.org/conda-forge/noarch/bleach-3.3.0-pyh44b312d_0.tar.bz2#abf6b76c39358ca36ca706c46f054f2a
https://conda.anaconda.org/conda-forge/linux-64/fenics-dijitso-2019.1.0-py37h89c1867_21.tar.bz2#d99d23333eb0ee9ec3a02b55ca5319a2
https://conda.anaconda.org/conda-forge/linux-64/fenics-fiat-2019.1.0-py37h89c1867_21.tar.bz2#c34217546de9a841ca961c356b6a403e
https://conda.anaconda.org/conda-forge/linux-64/fenics-ufl-2019.1.0-py37h89c1867_21.tar.bz2#33826733d6a20e831eefd168c335e58c
https://conda.anaconda.org/conda-forge/noarch/jsonschema-3.2.0-pyhd8ed1ab_3.tar.bz2#66125e28711d8ffc04a207a2b170316d
https://conda.anaconda.org/conda-forge/noarch/jupyter_client-6.1.12-pyhd8ed1ab_0.tar.bz2#f58b38ddb9f94fa3cafea4ba2b17f93b
https://conda.anaconda.org/conda-forge/linux-64/matplotlib-base-3.3.4-py37h0c9df89_0.tar.bz2#55cf4f52dea2415649f0dd15d4b8970c
https://conda.anaconda.org/conda-forge/noarch/networkx-2.5-py_0.tar.bz2#d836ad8453c22192357707026ca21653
https://conda.anaconda.org/conda-forge/noarch/pip-21.0.1-pyhd8ed1ab_0.tar.bz2#849477e10d78cbc283c78fd53bfbb567
https://conda.anaconda.org/conda-forge/noarch/pygments-2.9.0-pyhd8ed1ab_0.tar.bz2#a2d9bba43c9b80a42b0ccb9afd7223c2
https://conda.anaconda.org/conda-forge/noarch/pyopenssl-20.0.1-pyhd8ed1ab_0.tar.bz2#92371c25994d0f5d28a01c1fb75ebf86
https://conda.anaconda.org/conda-forge/linux-64/qt-5.12.5-hd8c4c69_1.tar.bz2#0e105d4afe0c3c81c4fbd9937ec4f359
https://conda.anaconda.org/conda-forge/linux-64/scikit-umfpack-0.3.2-py37h991202b_1004.tar.bz2#3d77c3a99ab9111392990c3c1667d12d
https://conda.anaconda.org/conda-forge/linux-64/slepc4py-3.12.0-py37hb2ee469_1.tar.bz2#984f61d526d2975004d05e0d4deb30f3
https://conda.anaconda.org/conda-forge/noarch/tifffile-2021.3.17-pyhd8ed1ab_0.tar.bz2#9cfba5e3844f16a1e270fb65f3207b17
https://conda.anaconda.org/conda-forge/linux-64/zope.interface-5.4.0-py37h5e8e339_0.tar.bz2#f31511330a71fc6eb411dd9cf3aa9554
https://conda.anaconda.org/conda-forge/linux-64/bcrypt-3.2.0-py37h5e8e339_1.tar.bz2#a4b1a84607ed57e9c0ec7c349634c366
https://conda.anaconda.org/conda-forge/linux-64/fenics-ffc-2019.1.0-py37h89c1867_21.tar.bz2#5668584bba19e9abfef0adabc772acae
https://conda.anaconda.org/conda-forge/noarch/jupyterlab_pygments-0.1.2-pyh9f0ad1d_0.tar.bz2#2cbd910890bb328e8959246a1e16fac7
https://conda.anaconda.org/conda-forge/noarch/nbformat-5.1.3-pyhd8ed1ab_0.tar.bz2#bafa5df6d4f8db69a4d197b4657127e7
https://conda.anaconda.org/conda-forge/linux-64/pyqt-5.12.3-py37h8685d9f_3.tar.bz2#586ccc655950a4e9e9958a460854a239
https://conda.anaconda.org/conda-forge/linux-64/scikit-image-0.17.2-py37hdc94413_4.tar.bz2#e4c389f1875612d90c2950373aa1f13a
https://conda.anaconda.org/conda-forge/noarch/service_identity-18.1.0-py_0.tar.bz2#bea53ad2212fa8f270c427bd40ce1fbd
https://conda.anaconda.org/conda-forge/noarch/urllib3-1.26.5-pyhd8ed1ab_0.tar.bz2#36f0ca66d6dd09423e5c2551148d45cd
https://conda.anaconda.org/conda-forge/noarch/wcwidth-0.2.5-pyh9f0ad1d_2.tar.bz2#5266fcd697043c59621fda522b3d78ee
https://conda.anaconda.org/conda-forge/linux-64/fenics-libdolfin-2019.1.0-h8f7d7a8_10.tar.bz2#6507d8da1bc175bab2d5ca5735ae2c5d
https://conda.anaconda.org/conda-forge/linux-64/matplotlib-3.3.4-py37h89c1867_0.tar.bz2#aa928e9c4e7ef59482775bbbf78e8bf5
https://conda.anaconda.org/conda-forge/noarch/nbclient-0.5.3-pyhd8ed1ab_0.tar.bz2#67f12831640fde52fe9be1bbc6b699e7
https://conda.anaconda.org/conda-forge/noarch/prompt-toolkit-3.0.18-pyha770c72_0.tar.bz2#aa44d0f71016061e83df1126764acdb7
https://conda.anaconda.org/conda-forge/noarch/requests-2.25.1-pyhd3deb0d_0.tar.bz2#ae687aba31a1c400192a86a2e993ffdc
https://conda.anaconda.org/conda-forge/linux-64/twisted-21.2.0-py37h5e8e339_0.tar.bz2#88c33a58cd0545c093efe612dce57430
https://conda.anaconda.org/conda-forge/linux-64/fenics-dolfin-2019.1.0-py37h7d18093_10.tar.bz2#11596b5ef7f7ef479fdefde88eec7de2
https://conda.anaconda.org/conda-forge/linux-64/ipython-7.24.1-py37h085eea5_0.tar.bz2#c149f03e7ba1af18546f0d7d30565d8b
https://conda.anaconda.org/conda-forge/linux-64/nbconvert-6.0.7-py37h89c1867_3.tar.bz2#aa3710e0a8a44d7c7313b37775018446
https://conda.anaconda.org/conda-forge/linux-64/paraview-5.8.1-py37h854335a_1.tar.bz2#b37a93a4a6c5827e29f81f8437087720
https://conda.anaconda.org/conda-forge/linux-64/ipykernel-5.5.5-py37h085eea5_0.tar.bz2#f59a2d2a5afc6550fb1d65a66dec22fb
https://conda.anaconda.org/conda-forge/noarch/notebook-6.4.0-pyha770c72_0.tar.bz2#1edbf3ee7482e201e572db0211e17f30
https://conda.anaconda.org/conda-forge/noarch/jupyterlab_server-1.2.0-py_0.tar.bz2#77d654573f19a836b326fb77ffd86860
https://conda.anaconda.org/conda-forge/linux-64/widgetsnbextension-3.5.1-py37h89c1867_4.tar.bz2#274af17d64191a15d3899d5fdc4abc02
https://conda.anaconda.org/conda-forge/noarch/ipywidgets-7.6.3-pyhd3deb0d_0.tar.bz2#536a9ed6d9e740f2b83d1a3c388e4388
https://conda.anaconda.org/conda-forge/noarch/jupyterlab-2.1.0-py_1.tar.bz2#7a89eb6738082d44904dde2d9b2eaad4
https://conda.anaconda.org/conda-forge/noarch/ipympl-0.7.0-pyhd8ed1ab_0.tar.bz2#2ab6d9f0d8943fb66694748bbfae959b
