# platform: linux-64
# env_hash: fa2579b18c0d6237a8c3db2ce787cc40e6322396c11e36094a98e79f1e83f3e8
@EXPLICIT
https://conda.anaconda.org/conda-forge/linux-64/_libgcc_mutex-0.1-conda_forge.tar.bz2#d7c89558ba9fa0495403155b64376d81
https://conda.anaconda.org/anaconda/linux-64/ca-certificates-2020.10.14-0.tar.bz2#48642e3fd8fda4a7b17fddecc4b6dbca
https://conda.anaconda.org/anaconda/noarch/libdrm-cos6-x86_64-2.4.65-hd39d64f_0.tar.bz2#82b3626fa781a99510065f957200b785
https://conda.anaconda.org/conda-forge/linux-64/libgfortran5-9.3.0-hff62375_19.tar.bz2#c2d8da3cb171e4aa642d20c6e4e42a04
https://conda.anaconda.org/anaconda/linux-64/libstdcxx-ng-9.1.0-hdf63c60_0.tar.bz2#53fa39fdae936e9d07c4b2f5ef361993
https://conda.anaconda.org/anaconda/noarch/libx11-common-cos6-x86_64-1.6.4-h023ea50_0.tar.bz2#fe4f153bad2e64f04ac068e75bd3f441
https://conda.anaconda.org/conda-forge/linux-64/mysql-common-8.0.21-0.tar.bz2#d0bcfe6ace02323f90b9c72b2d363984
https://conda.anaconda.org/conda-forge/linux-64/libgfortran-ng-9.3.0-hff62375_19.tar.bz2#aea379bd68fdcdf9499fa1453f852ac1
https://conda.anaconda.org/conda-forge/linux-64/libgomp-9.3.0-h2828fa1_19.tar.bz2#ab0a307912033126da02507b59e79ec9
https://conda.anaconda.org/anaconda/noarch/libx11-cos6-x86_64-1.6.4-h64a1553_0.tar.bz2#f265416c067b11c235330fc8ac40d97a
https://conda.anaconda.org/conda-forge/linux-64/_openmp_mutex-4.5-1_gnu.tar.bz2#561e277319a41d4f24f5c05a9ef63c04
https://conda.anaconda.org/anaconda/noarch/mesa-libgl-cos6-x86_64-11.0.7-h045e36e_0.tar.bz2#b99f9bab2279db7a6b1af16b101b2503
https://conda.anaconda.org/conda-forge/linux-64/libgcc-ng-9.3.0-h2828fa1_19.tar.bz2#9d5cdfc51476ee4dcdd96ed2dca3f943
https://conda.anaconda.org/anaconda/linux-64/bzip2-1.0.8-h7b6447c_0.tar.bz2#f52e60deb7f4c82821be9a868e889348
https://conda.anaconda.org/anaconda/linux-64/eigen-3.3.7-hfd86e86_0.tar.bz2#3be14ca8267303e97dcbfd93f4666512
https://conda.anaconda.org/anaconda/linux-64/expat-2.2.10-he6710b0_2.tar.bz2#5de87d9faa999a0797c1e16596580ca0
https://conda.anaconda.org/conda-forge/linux-64/fftw-3.3.9-nompi_h74d3f13_101.tar.bz2#29215ded4cf637130a7674f2a6874922
https://conda.anaconda.org/conda-forge/linux-64/icu-67.1-he1b5a44_0.tar.bz2#7ced6a5e5c94726af797d2b5a2b09228
https://conda.anaconda.org/conda-forge/linux-64/jpeg-9d-h36c2ea0_0.tar.bz2#ea02ce6037dbe81803ae6123e5ba1568
https://conda.anaconda.org/anaconda/linux-64/libffi-3.2.1-hf484d3e_1007.tar.bz2#73fed6814c1b3c21f69d740164b7a937
https://conda.anaconda.org/anaconda/linux-64/libiconv-1.15-h63c8f33_5.tar.bz2#34e84d0e575edbdc3c8b123d1130d6f5
https://conda.anaconda.org/conda-forge/linux-64/libuuid-2.32.1-h7f98852_1000.tar.bz2#772d69f030955d9646d3d0eaf21d859d
https://conda.anaconda.org/anaconda/linux-64/libxcb-1.14-h7b6447c_0.tar.bz2#abeb20ac13d2cd53eaaa889c3267c8c2
https://conda.anaconda.org/conda-forge/linux-64/libxkbcommon-0.10.0-he1b5a44_0.tar.bz2#78ccac2098edcd3673af2ceb3e95f932
https://conda.anaconda.org/conda-forge/linux-64/llvm-openmp-8.0.1-hc9558a2_0.tar.bz2#67590caab043d6d7ffc371f9cced7848
https://conda.anaconda.org/anaconda/linux-64/lz4-c-1.9.2-heb0550a_3.tar.bz2#aa4530a7cc15d93866b196ae0ae38722
https://conda.anaconda.org/anaconda/linux-64/ncurses-6.2-he6710b0_1.tar.bz2#e8ca84eda38cda3b462addd143a2e7b7
https://conda.anaconda.org/anaconda/linux-64/nspr-4.22-he6710b0_0.tar.bz2#d8a32a533a8364f72b2aba61ce0eac8e
https://conda.anaconda.org/anaconda/linux-64/openssl-1.1.1h-h7b6447c_0.tar.bz2#4602410a1a538cb0e3a2dff8d9fecfca
https://conda.anaconda.org/anaconda/linux-64/pcre-8.44-he6710b0_0.tar.bz2#50cc854152beb1dfb6dbd492ccf8cc1c
https://conda.anaconda.org/anaconda/linux-64/xz-5.2.5-h7b6447c_0.tar.bz2#e17620ef8fc8654e77f53b4f2995b288
https://conda.anaconda.org/anaconda/linux-64/zlib-1.2.11-h7b6447c_3.tar.bz2#e76217678961a4836e1067a2d11603e2
https://conda.anaconda.org/anaconda/linux-64/glib-2.63.1-h5a9c865_0.tar.bz2#dad669f1119b1062e12933cebe0302ec
https://conda.anaconda.org/anaconda/linux-64/libedit-3.1.20191231-h14c3975_1.tar.bz2#6448fbc5c3a35ff00bb1e5e066bc929a
https://conda.anaconda.org/conda-forge/linux-64/libevent-2.1.10-hcdb4288_3.tar.bz2#d8f51405997093ff1799ded7650439c4
https://conda.anaconda.org/anaconda/linux-64/libllvm10-10.0.1-hbcb73fb_5.tar.bz2#018341009ad2153562af92ebf6f7752a
https://conda.anaconda.org/anaconda/linux-64/libpng-1.6.37-hbc83047_0.tar.bz2#9cb85601944ca7383b1769bff74b94e8
https://conda.anaconda.org/anaconda/linux-64/libssh2-1.9.0-h1ba5d50_1.tar.bz2#ecfcc28b0f86626bd89548baaa7d119c
https://conda.anaconda.org/conda-forge/linux-64/libxml2-2.9.10-h72b56ed_2.tar.bz2#145aceace15cd644dae956fa80605e5b
https://conda.anaconda.org/conda-forge/linux-64/openmp-8.0.1-0.tar.bz2#b35241079152e5cc891c99368395b2c6
https://conda.anaconda.org/anaconda/linux-64/readline-8.0-h7b6447c_0.tar.bz2#724f71ddc8b5a95db3d97023c788959f
https://conda.anaconda.org/anaconda/linux-64/rhash-1.4.0-h1ba5d50_0.tar.bz2#c1ca84d42670e34d1366380fe5f5fdcb
https://conda.anaconda.org/anaconda/linux-64/tk-8.6.10-hbc83047_0.tar.bz2#76350e04c66dde3f9d94884866ed70c3
https://conda.anaconda.org/anaconda/linux-64/zstd-1.4.4-h0b5b093_3.tar.bz2#0b1f1e8e98976618516edf05d9e76088
https://conda.anaconda.org/anaconda/linux-64/dbus-1.13.18-hb2f20db_0.tar.bz2#498d0788982ec4c5d13a44359b9c7afb
https://conda.anaconda.org/anaconda/linux-64/freetype-2.10.4-h5ab3b9f_0.tar.bz2#d0851d60dd8db00f4f222e849ecffb4d
https://conda.anaconda.org/conda-forge/linux-64/gstreamer-1.14.5-h36ae1b5_2.tar.bz2#00084ab2657be5bf0ba0757ccde797ef
https://conda.anaconda.org/anaconda/linux-64/krb5-1.17.1-h173b8e3_0.tar.bz2#21ff64d7e6005a20bcbc0f97474c55f9
https://conda.anaconda.org/anaconda/linux-64/libclang-10.0.1-default_hb85057a_2.tar.bz2#303df88e60520fefb6ed6d07eecbb645
https://conda.anaconda.org/anaconda/linux-64/libtiff-4.1.0-h2733197_1.tar.bz2#6c6b5e76bcdf414bed4e61e8b12a2832
https://conda.anaconda.org/conda-forge/linux-64/mysql-libs-8.0.21-h43e1182_0.tar.bz2#5e8ce7b3555face81b4dccc26deb3366
https://conda.anaconda.org/anaconda/linux-64/sqlite-3.33.0-h62c20be_0.tar.bz2#803edb3abbf1241e491cf6c844c5a009
https://conda.anaconda.org/conda-forge/linux-64/fontconfig-2.13.1-hba837de_1005.tar.bz2#fd3611672eb91bc9d24fd6fb970037eb
https://conda.anaconda.org/conda-forge/linux-64/gst-plugins-base-1.14.5-h0935bb2_2.tar.bz2#eb125ee86480e00a4a1ed45a577c3311
https://conda.anaconda.org/anaconda/linux-64/libcurl-7.69.1-h20c2e04_0.tar.bz2#9dc9ae1df3e3b750d6b8f44f2d44354b
https://conda.anaconda.org/conda-forge/linux-64/libpq-12.3-h255efa7_3.tar.bz2#a1daa43848e9e2b655a9af817a8bb613
https://conda.anaconda.org/anaconda/linux-64/nss-3.46.1-hab99668_0.tar.bz2#a7f2443b58fbec044e46ab91863be9bd
https://conda.anaconda.org/anaconda/linux-64/cmake-3.14.0-h52cb24c_0.tar.bz2#f6cbb4c0faa3dbac007b286047f9a758
https://conda.anaconda.org/conda-forge/linux-64/qt-5.12.5-h7400415_4.tar.bz2#4baed3750f7eed2e858589640a37f988
