# platform: osx-64
# env_hash: f04569a049833c25e0524770eaaad70914617caafb4f5036de9ddcc3878add41
@EXPLICIT
https://repo.anaconda.com/pkgs/main/osx-64/fftw-3.3.9-h9ed2024_1.conda#9f854d761737b9a8bf9859779a5bb405
https://conda.anaconda.org/anaconda/osx-64/bzip2-1.0.8-h1de35cc_0.tar.bz2#ab3b4e83407001e7f1603ca1fa0f4873
https://conda.anaconda.org/anaconda/osx-64/ca-certificates-2020.10.14-0.tar.bz2#a894a257ca27119745c5737cb95fc39e
https://conda.anaconda.org/conda-forge/osx-64/jpeg-9d-hbcb3906_0.tar.bz2#ff6fba028f282f94ceb10597d58a56e8
https://conda.anaconda.org/anaconda/osx-64/libcxx-10.0.0-1.tar.bz2#1f4dca699e132460ff69e724d5fdf2a0
https://conda.anaconda.org/anaconda/osx-64/xz-5.2.5-h1de35cc_0.tar.bz2#9ae05a921d148dc61b64b2685145cf82
https://conda.anaconda.org/anaconda/osx-64/zlib-1.2.11-h1de35cc_3.tar.bz2#6fddebfbe8354dd5fdb5ac8d56dec5bf
https://conda.anaconda.org/anaconda/osx-64/eigen-3.3.7-h04f5b5a_0.tar.bz2#1a9169e750eb7c63b1440469211f469b
https://conda.anaconda.org/anaconda/osx-64/expat-2.2.10-hb1e8313_2.tar.bz2#0b5d3ebde9514ab4311f607bcd465b8c
https://conda.anaconda.org/conda-forge/osx-64/icu-64.2-h6de7cb9_1.tar.bz2#98593e7221241d8e19fee197ac105b4d
https://conda.anaconda.org/conda-forge/osx-64/libllvm8-8.0.1-h770b8ee_0.tar.bz2#c75e5c63f194188ffac620c0493c2840
https://conda.anaconda.org/anaconda/osx-64/libpng-1.6.37-ha441bb4_0.tar.bz2#256b1d19857d350dc549c64d6857c9a9
https://conda.anaconda.org/conda-forge/osx-64/llvm-openmp-8.0.1-h770b8ee_0.tar.bz2#22981e6688ff84040427ecfbdb45825a
https://conda.anaconda.org/anaconda/osx-64/lz4-c-1.9.2-h79c402e_3.tar.bz2#362c0fdd3eb96adc35edfb5bef32c315
https://conda.anaconda.org/anaconda/osx-64/ncurses-6.2-h0a44026_1.tar.bz2#f9b0393a71549899f7b20e100da46904
https://conda.anaconda.org/anaconda/osx-64/nspr-4.22-h0a44026_0.tar.bz2#1c4892c2723cdc0f2db33fd4a9eca945
https://conda.anaconda.org/anaconda/osx-64/openssl-1.1.1h-haf1e3a3_0.tar.bz2#a2b806a758358ddfdb3ab7331b06399d
https://conda.anaconda.org/conda-forge/osx-64/clang-8.0.1-ha1b3eb9_2.tar.bz2#e4d9c1a1e470649217ff5b20c4bb1919
https://conda.anaconda.org/conda-forge/osx-64/libclang-8.0.1-ha1b3eb9_2.tar.bz2#3b9169c2dcdeb4373fdd7fc400677daa
https://conda.anaconda.org/anaconda/osx-64/libedit-3.1.20191231-h1de35cc_1.tar.bz2#6e3ad1781c11cf05be9980aac0094f9e
https://conda.anaconda.org/anaconda/osx-64/libssh2-1.9.0-ha12b0ac_1.tar.bz2#6f0d94710fa3576ae321513963f1c364
https://conda.anaconda.org/conda-forge/osx-64/llvm-tools-8.0.1-0.tar.bz2#d759757f244675cc79f4481d82c82a74
https://conda.anaconda.org/conda-forge/osx-64/openmp-8.0.1-0.tar.bz2#3dbc076bd4314ddaa831fe6bbe19ee2a
https://conda.anaconda.org/anaconda/osx-64/rhash-1.4.0-hddc9c9b_0.tar.bz2#c6acf961520c001ec2706cfd8a6cb90a
https://conda.anaconda.org/anaconda/osx-64/zstd-1.4.4-h1990bb4_3.tar.bz2#67ea6300b14e3b7bffc1d9017423a1df
https://conda.anaconda.org/conda-forge/osx-64/clangxx-8.0.1-2.tar.bz2#d0a23c48915ca303738eecdb40e31ad2
https://conda.anaconda.org/anaconda/osx-64/krb5-1.18.2-h75d18d8_0.tar.bz2#f24477d3b366782fa0817d2ad4736b09
https://conda.anaconda.org/anaconda/osx-64/libtiff-4.1.0-hcb84e12_1.tar.bz2#1de5f56e18c2456e938a47481affe965
https://conda.anaconda.org/conda-forge/osx-64/llvmdev-8.0.1-h770b8ee_0.tar.bz2#c4817b820d5665f18bcd22aa10682fbd
https://conda.anaconda.org/anaconda/osx-64/sqlite-3.33.0-hffcf06c_0.tar.bz2#d4e115b8b53e1ccb878c7c12dc390439
https://conda.anaconda.org/conda-forge/osx-64/clang-tools-8.0.1-ha1b3eb9_2.tar.bz2#2a01da9a4d89002fa510f2f63f891ad8
https://conda.anaconda.org/anaconda/osx-64/libcurl-7.71.1-h8a08a2b_1.tar.bz2#a1dbddfc850af6a81eaee94df58825d6
https://conda.anaconda.org/anaconda/osx-64/nss-3.46.1-h2ca8224_0.tar.bz2#8a73087cad4763d2503702111cbc3739
https://conda.anaconda.org/conda-forge/osx-64/clangdev-8.0.1-ha1b3eb9_2.tar.bz2#90fdebc6e058af3c5dca68182dcd635c
https://conda.anaconda.org/anaconda/osx-64/cmake-3.14.0-haff7e42_0.tar.bz2#793f12f06ba6b013f13863c1f272004e
https://conda.anaconda.org/conda-forge/osx-64/qt-5.12.5-h1b46049_0.tar.bz2#fc34696de0c20c53316a1d1e14ce6677
